// !$*UTF8*$!
{
	archiveVersion = 1;
	classes = {
	};
	objectVersion = 51;
	objects = {

/* Begin PBXBuildFile section */
		9220E422FA1EA1290E06A7A1 /* Pods_Fluff_iOS.framework in Frameworks */ = {isa = PBXBuildFile; fileRef = 9BF02802D950D16EF5D771EC /* Pods_Fluff_iOS.framework */; };
		9D0C626D23B674BF00F31502 /* FilteringVC.swift in Sources */ = {isa = PBXBuildFile; fileRef = 9D0C626C23B674BF00F31502 /* FilteringVC.swift */; };
		9D1FCC4223B68B4C0089571B /* FilteringVC.xib in Resources */ = {isa = PBXBuildFile; fileRef = 9D1FCC4123B68B4C0089571B /* FilteringVC.xib */; };
		9D385C9423B4B81000705218 /* LikeCollectionViewCell.swift in Sources */ = {isa = PBXBuildFile; fileRef = 9D385C9323B4B81000705218 /* LikeCollectionViewCell.swift */; };
		9D385C9623B4DA1800705218 /* FollowingTableViewCell.swift in Sources */ = {isa = PBXBuildFile; fileRef = 9D385C9523B4DA1800705218 /* FollowingTableViewCell.swift */; };
		9D385C9823B53CB100705218 /* AuctionVC.swift in Sources */ = {isa = PBXBuildFile; fileRef = 9D385C9723B53CB100705218 /* AuctionVC.swift */; };
		9D385C9A23B5416F00705218 /* AuctionCollectionViewCell.swift in Sources */ = {isa = PBXBuildFile; fileRef = 9D385C9923B5416F00705218 /* AuctionCollectionViewCell.swift */; };
		9D468AD023B2BAF800E98500 /* OtherItemDelegate.swift in Sources */ = {isa = PBXBuildFile; fileRef = 9D468ACF23B2BAF800E98500 /* OtherItemDelegate.swift */; };
		9D468AD223B2D89800E98500 /* PurchaseViewController.swift in Sources */ = {isa = PBXBuildFile; fileRef = 9D468AD123B2D89800E98500 /* PurchaseViewController.swift */; };
		9D5676F123B6AEC500720F06 /* CategoryCollectionViewCell.swift in Sources */ = {isa = PBXBuildFile; fileRef = 9D5676EF23B6AEC500720F06 /* CategoryCollectionViewCell.swift */; };
		9D5676F223B6AEC500720F06 /* CategoryCollectionViewCell.xib in Resources */ = {isa = PBXBuildFile; fileRef = 9D5676F023B6AEC500720F06 /* CategoryCollectionViewCell.xib */; };
		9D5676F423B6B64D00720F06 /* FilteringCategory.swift in Sources */ = {isa = PBXBuildFile; fileRef = 9D5676F323B6B64D00720F06 /* FilteringCategory.swift */; };
		9D705A9523B7D30E00097FCF /* DetailCategoryDataSource.swift in Sources */ = {isa = PBXBuildFile; fileRef = 9D705A9423B7D30E00097FCF /* DetailCategoryDataSource.swift */; };
		9D705A9723B83D9E00097FCF /* ColorCategory.swift in Sources */ = {isa = PBXBuildFile; fileRef = 9D705A9623B83D9E00097FCF /* ColorCategory.swift */; };
		9D705A9923B8935900097FCF /* AuctionDetailVC.swift in Sources */ = {isa = PBXBuildFile; fileRef = 9D705A9823B8935900097FCF /* AuctionDetailVC.swift */; };
		9D705A9B23B8AA7400097FCF /* checkDelivery.storyboard in Resources */ = {isa = PBXBuildFile; fileRef = 9D705A9A23B8AA7400097FCF /* checkDelivery.storyboard */; };
		9D705A9D23B8AA9A00097FCF /* CheckDeliveryVC.swift in Sources */ = {isa = PBXBuildFile; fileRef = 9D705A9C23B8AA9A00097FCF /* CheckDeliveryVC.swift */; };
		9D705A9F23B8AB5200097FCF /* DeliveryListTableViewCell.swift in Sources */ = {isa = PBXBuildFile; fileRef = 9D705A9E23B8AB5200097FCF /* DeliveryListTableViewCell.swift */; };
		9D705AA123B8BCE100097FCF /* MyInfoChangeVC.swift in Sources */ = {isa = PBXBuildFile; fileRef = 9D705AA023B8BCE100097FCF /* MyInfoChangeVC.swift */; };
		9D70BFCF23B45B320025D22C /* LikeListParentVC.swift in Sources */ = {isa = PBXBuildFile; fileRef = 9D70BFCE23B45B320025D22C /* LikeListParentVC.swift */; };
		9D70BFD123B463760025D22C /* LikeListTabVC.swift in Sources */ = {isa = PBXBuildFile; fileRef = 9D70BFD023B463760025D22C /* LikeListTabVC.swift */; };
		9D70BFD323B463D40025D22C /* FollowingListVC.swift in Sources */ = {isa = PBXBuildFile; fileRef = 9D70BFD223B463D40025D22C /* FollowingListVC.swift */; };
		9D70BFD523B468D80025D22C /* LikeTabbarController.swift in Sources */ = {isa = PBXBuildFile; fileRef = 9D70BFD423B468D80025D22C /* LikeTabbarController.swift */; };
		9D79377C23B0C0AF00A0CD3E /* APIConstants.swift in Sources */ = {isa = PBXBuildFile; fileRef = 9D79377B23B0C0AF00A0CD3E /* APIConstants.swift */; };
		9D79377E23B0C0D400A0CD3E /* NetworkResult.swift in Sources */ = {isa = PBXBuildFile; fileRef = 9D79377D23B0C0D400A0CD3E /* NetworkResult.swift */; };
		9D7937DC23B11ED500A0CD3E /* Taste.storyboard in Resources */ = {isa = PBXBuildFile; fileRef = 9D7937DB23B11ED500A0CD3E /* Taste.storyboard */; };
		9D7937DE23B11F1400A0CD3E /* TasteAnalysisVC.swift in Sources */ = {isa = PBXBuildFile; fileRef = 9D7937DD23B11F1400A0CD3E /* TasteAnalysisVC.swift */; };
		9D7937E023B11F1D00A0CD3E /* TasteCollectionViewCell.swift in Sources */ = {isa = PBXBuildFile; fileRef = 9D7937DF23B11F1D00A0CD3E /* TasteCollectionViewCell.swift */; };
		9D7937F323B134F300A0CD3E /* AnalysisHeaderTableViewCell.swift in Sources */ = {isa = PBXBuildFile; fileRef = 9D7937F223B134F300A0CD3E /* AnalysisHeaderTableViewCell.swift */; };
		9D7937F523B1350C00A0CD3E /* AnalysisTableViewCell.swift in Sources */ = {isa = PBXBuildFile; fileRef = 9D7937F423B1350C00A0CD3E /* AnalysisTableViewCell.swift */; };
		9D7937F723B1355B00A0CD3E /* NextTasteAnalysisVC.swift in Sources */ = {isa = PBXBuildFile; fileRef = 9D7937F623B1355B00A0CD3E /* NextTasteAnalysisVC.swift */; };
		9D7937F923B1455400A0CD3E /* FluvCollectionViewCell.swift in Sources */ = {isa = PBXBuildFile; fileRef = 9D7937F823B1455400A0CD3E /* FluvCollectionViewCell.swift */; };
		9D7937FB23B16E7E00A0CD3E /* MainTabbarController.swift in Sources */ = {isa = PBXBuildFile; fileRef = 9D7937FA23B16E7E00A0CD3E /* MainTabbarController.swift */; };
		9D7937FD23B1751300A0CD3E /* ShoppingVC.swift in Sources */ = {isa = PBXBuildFile; fileRef = 9D7937FC23B1751300A0CD3E /* ShoppingVC.swift */; };
		9D79380123B1795D00A0CD3E /* ShopCollectionViewCell.swift in Sources */ = {isa = PBXBuildFile; fileRef = 9D79380023B1795D00A0CD3E /* ShopCollectionViewCell.swift */; };
		9D79381F23B227CF00A0CD3E /* UIButton+Extensions.swift in Sources */ = {isa = PBXBuildFile; fileRef = 9D79381723B227CF00A0CD3E /* UIButton+Extensions.swift */; };
		9D79382123B227CF00A0CD3E /* UITabBar+Extensions.swift in Sources */ = {isa = PBXBuildFile; fileRef = 9D79381923B227CF00A0CD3E /* UITabBar+Extensions.swift */; };
		9D79382223B227CF00A0CD3E /* UIImageView+Extensions.swift in Sources */ = {isa = PBXBuildFile; fileRef = 9D79381A23B227CF00A0CD3E /* UIImageView+Extensions.swift */; };
		9D79382323B227CF00A0CD3E /* UIColor+Extensions.swift in Sources */ = {isa = PBXBuildFile; fileRef = 9D79381B23B227CF00A0CD3E /* UIColor+Extensions.swift */; };
		9D79382423B227CF00A0CD3E /* UIViewController+Extensions.swift in Sources */ = {isa = PBXBuildFile; fileRef = 9D79381C23B227CF00A0CD3E /* UIViewController+Extensions.swift */; };
		9D79382523B227CF00A0CD3E /* NSNotificationName+Extensions.swift in Sources */ = {isa = PBXBuildFile; fileRef = 9D79381D23B227CF00A0CD3E /* NSNotificationName+Extensions.swift */; };
		9D79382623B227CF00A0CD3E /* UIView+Extensions.swift in Sources */ = {isa = PBXBuildFile; fileRef = 9D79381E23B227CF00A0CD3E /* UIView+Extensions.swift */; };
		9D79382C23B2871400A0CD3E /* DetailItemVC.swift in Sources */ = {isa = PBXBuildFile; fileRef = 9D79382B23B2871400A0CD3E /* DetailItemVC.swift */; };
		9D7B342A23B28BE000F1A530 /* DetailItemCollectionViewCell.swift in Sources */ = {isa = PBXBuildFile; fileRef = 9D7B342923B28BE000F1A530 /* DetailItemCollectionViewCell.swift */; };
		9D7B342E23B2B4E500F1A530 /* OtherItemDataSource.swift in Sources */ = {isa = PBXBuildFile; fileRef = 9D7B342D23B2B4E500F1A530 /* OtherItemDataSource.swift */; };
		9D7B343023B2B7F200F1A530 /* OtherItemCollectionViewCell.swift in Sources */ = {isa = PBXBuildFile; fileRef = 9D7B342F23B2B7F200F1A530 /* OtherItemCollectionViewCell.swift */; };
		9D84B12223B920070019C7D4 /* CartVC.swift in Sources */ = {isa = PBXBuildFile; fileRef = 9D84B12123B920070019C7D4 /* CartVC.swift */; };
		9D84B12423B938000019C7D4 /* CartListTableViewCell.swift in Sources */ = {isa = PBXBuildFile; fileRef = 9D84B12323B938000019C7D4 /* CartListTableViewCell.swift */; };
		9D84B12623B9413F0019C7D4 /* CartItemCollectionViewCell.swift in Sources */ = {isa = PBXBuildFile; fileRef = 9D84B12523B9413F0019C7D4 /* CartItemCollectionViewCell.swift */; };
		9DD73AF623B75A2E00E1DB97 /* HomeNavigationVC.swift in Sources */ = {isa = PBXBuildFile; fileRef = 9DD73AF523B75A2E00E1DB97 /* HomeNavigationVC.swift */; };
		9DD73AF823B7B8B700E1DB97 /* AuctionDetailCollectionViewCell.swift in Sources */ = {isa = PBXBuildFile; fileRef = 9DD73AF723B7B8B700E1DB97 /* AuctionDetailCollectionViewCell.swift */; };
		9DD73AFB23B7D0FC00E1DB97 /* DetailCategoryCollectionViewCell.swift in Sources */ = {isa = PBXBuildFile; fileRef = 9DD73AF923B7D0FC00E1DB97 /* DetailCategoryCollectionViewCell.swift */; };
		9DD73AFC23B7D0FC00E1DB97 /* DetailCategoryCollectionViewCell.xib in Resources */ = {isa = PBXBuildFile; fileRef = 9DD73AFA23B7D0FC00E1DB97 /* DetailCategoryCollectionViewCell.xib */; };
		9DE13BD323B370580040AEB2 /* MenuCategory.swift in Sources */ = {isa = PBXBuildFile; fileRef = 9DE13BD223B370580040AEB2 /* MenuCategory.swift */; };
		9DE4AAD623B9677E0095A5B3 /* WelcomeViewController.swift in Sources */ = {isa = PBXBuildFile; fileRef = 9DE4AAD523B9677E0095A5B3 /* WelcomeViewController.swift */; };
		9DE4AAD823BA05610095A5B3 /* AnalysisStatus.swift in Sources */ = {isa = PBXBuildFile; fileRef = 9DE4AAD723BA05610095A5B3 /* AnalysisStatus.swift */; };
		9DE5C98623BB40FB00D7359C /* FluvVC.swift in Sources */ = {isa = PBXBuildFile; fileRef = 9DE5C98523BB40FB00D7359C /* FluvVC.swift */; };
		9DF0EB5E23BA6B3100EEC259 /* FluvApplyVC.swift in Sources */ = {isa = PBXBuildFile; fileRef = 9DF0EB5D23BA6B3100EEC259 /* FluvApplyVC.swift */; };
		9DF0EB6023BAA1B200EEC259 /* HashTagCategory.swift in Sources */ = {isa = PBXBuildFile; fileRef = 9DF0EB5F23BAA1B200EEC259 /* HashTagCategory.swift */; };
		9DF0EB6223BAD8CC00EEC259 /* SigninService.swift in Sources */ = {isa = PBXBuildFile; fileRef = 9DF0EB6123BAD8CC00EEC259 /* SigninService.swift */; };
		9DF0EB6423BADF4E00EEC259 /* SigninData.swift in Sources */ = {isa = PBXBuildFile; fileRef = 9DF0EB6323BADF4E00EEC259 /* SigninData.swift */; };
		9DFA7FF823B350540036AA50 /* MyPageViewController.swift in Sources */ = {isa = PBXBuildFile; fileRef = 9DFA7FF723B350540036AA50 /* MyPageViewController.swift */; };
		9DFA7FFA23B363A00036AA50 /* CurrentProductCollectionViewCell.swift in Sources */ = {isa = PBXBuildFile; fileRef = 9DFA7FF923B363A00036AA50 /* CurrentProductCollectionViewCell.swift */; };
		9DFA7FFD23B367BD0036AA50 /* MyPageTableViewCell.swift in Sources */ = {isa = PBXBuildFile; fileRef = 9DFA7FFC23B367BD0036AA50 /* MyPageTableViewCell.swift */; };
		A63C506323B08BF40069BAFB /* AppDelegate.swift in Sources */ = {isa = PBXBuildFile; fileRef = A63C506223B08BF40069BAFB /* AppDelegate.swift */; };
		A63C506523B08BF40069BAFB /* SceneDelegate.swift in Sources */ = {isa = PBXBuildFile; fileRef = A63C506423B08BF40069BAFB /* SceneDelegate.swift */; };
		A63C506723B08BF40069BAFB /* LaunchVC.swift in Sources */ = {isa = PBXBuildFile; fileRef = A63C506623B08BF40069BAFB /* LaunchVC.swift */; };
		A63C506A23B08BF40069BAFB /* Main.storyboard in Resources */ = {isa = PBXBuildFile; fileRef = A63C506823B08BF40069BAFB /* Main.storyboard */; };
		A63C506C23B08BF60069BAFB /* Assets.xcassets in Resources */ = {isa = PBXBuildFile; fileRef = A63C506B23B08BF60069BAFB /* Assets.xcassets */; };
		A63C506F23B08BF60069BAFB /* LaunchScreen.storyboard in Resources */ = {isa = PBXBuildFile; fileRef = A63C506D23B08BF60069BAFB /* LaunchScreen.storyboard */; };
		A63C507D23B0A34D0069BAFB /* LoginVC.swift in Sources */ = {isa = PBXBuildFile; fileRef = A63C507C23B0A34D0069BAFB /* LoginVC.swift */; };
		A64C4F0723B137590066FE7F /* SignUpEmailVC.swift in Sources */ = {isa = PBXBuildFile; fileRef = A64C4F0623B137590066FE7F /* SignUpEmailVC.swift */; };
		A66F23FD23B6DCB6004B57FA /* KeywordTableViewCell.swift in Sources */ = {isa = PBXBuildFile; fileRef = A66F23FC23B6DCB6004B57FA /* KeywordTableViewCell.swift */; };
		A66F23FF23B6E796004B57FA /* NewSignUp.storyboard in Resources */ = {isa = PBXBuildFile; fileRef = A66F23FE23B6E796004B57FA /* NewSignUp.storyboard */; };
		A66F240123B7532C004B57FA /* NewSignUpViewController.swift in Sources */ = {isa = PBXBuildFile; fileRef = A66F240023B7532C004B57FA /* NewSignUpViewController.swift */; };
		A66F240723B8A509004B57FA /* BannerIntoVC.swift in Sources */ = {isa = PBXBuildFile; fileRef = A66F240623B8A509004B57FA /* BannerIntoVC.swift */; };
		A66F240B23B8B3C4004B57FA /* BannerIntoCollectionViewCell.swift in Sources */ = {isa = PBXBuildFile; fileRef = A66F240A23B8B3C4004B57FA /* BannerIntoCollectionViewCell.swift */; };
		A66F240D23B8BADB004B57FA /* BannerHeaderReusableView.swift in Sources */ = {isa = PBXBuildFile; fileRef = A66F240C23B8BADB004B57FA /* BannerHeaderReusableView.swift */; };
		A66F240F23B9045B004B57FA /* ThemeIntoVC.swift in Sources */ = {isa = PBXBuildFile; fileRef = A66F240E23B9045B004B57FA /* ThemeIntoVC.swift */; };
		A66F241123B90FA2004B57FA /* ThemeIntoCollectionViewCell.swift in Sources */ = {isa = PBXBuildFile; fileRef = A66F241023B90FA2004B57FA /* ThemeIntoCollectionViewCell.swift */; };
		A66F241323B91B2B004B57FA /* ThemeIntoCollectionReusableView.swift in Sources */ = {isa = PBXBuildFile; fileRef = A66F241223B91B2B004B57FA /* ThemeIntoCollectionReusableView.swift */; };
		A6D2862D23B0D2CD00E7379B /* SCDream9.otf in Resources */ = {isa = PBXBuildFile; fileRef = A6D2861E23B0D2CD00E7379B /* SCDream9.otf */; };
		A6D2862E23B0D2CD00E7379B /* SCDream1.otf in Resources */ = {isa = PBXBuildFile; fileRef = A6D2861F23B0D2CD00E7379B /* SCDream1.otf */; };
		A6D2863023B0D2CD00E7379B /* SCDream2.otf in Resources */ = {isa = PBXBuildFile; fileRef = A6D2862123B0D2CD00E7379B /* SCDream2.otf */; };
		A6D2863123B0D2CD00E7379B /* KoPubWorldBatangPM.otf in Resources */ = {isa = PBXBuildFile; fileRef = A6D2862223B0D2CD00E7379B /* KoPubWorldBatangPM.otf */; };
		A6D2863223B0D2CD00E7379B /* SCDream4.otf in Resources */ = {isa = PBXBuildFile; fileRef = A6D2862323B0D2CD00E7379B /* SCDream4.otf */; };
		A6D2863323B0D2CD00E7379B /* KoPubWorldBatangPB.otf in Resources */ = {isa = PBXBuildFile; fileRef = A6D2862423B0D2CD00E7379B /* KoPubWorldBatangPB.otf */; };
		A6D2863423B0D2CD00E7379B /* SCDream5.otf in Resources */ = {isa = PBXBuildFile; fileRef = A6D2862523B0D2CD00E7379B /* SCDream5.otf */; };
		A6D2863523B0D2CD00E7379B /* SCDream6.otf in Resources */ = {isa = PBXBuildFile; fileRef = A6D2862623B0D2CD00E7379B /* SCDream6.otf */; };
		A6D2863623B0D2CD00E7379B /* SCDream7.otf in Resources */ = {isa = PBXBuildFile; fileRef = A6D2862723B0D2CD00E7379B /* SCDream7.otf */; };
		A6D2863723B0D2CD00E7379B /* KoPubWorldBatangPL.otf in Resources */ = {isa = PBXBuildFile; fileRef = A6D2862823B0D2CD00E7379B /* KoPubWorldBatangPL.otf */; };
		A6D2863823B0D2CD00E7379B /* SCDream3.otf in Resources */ = {isa = PBXBuildFile; fileRef = A6D2862923B0D2CD00E7379B /* SCDream3.otf */; };
		A6D2863923B0D2CD00E7379B /* KoPubWorldDotumPB.otf in Resources */ = {isa = PBXBuildFile; fileRef = A6D2862A23B0D2CD00E7379B /* KoPubWorldDotumPB.otf */; };
		A6D2863A23B0D2CD00E7379B /* SCDream8.otf in Resources */ = {isa = PBXBuildFile; fileRef = A6D2862B23B0D2CD00E7379B /* SCDream8.otf */; };
		A6D2863D23B0DAB500E7379B /* KoPubWorldDotumPM.otf in Resources */ = {isa = PBXBuildFile; fileRef = A6D2863B23B0DAB500E7379B /* KoPubWorldDotumPM.otf */; };
		A6D2863E23B0DAB500E7379B /* KoPubWorldDotumPL.otf in Resources */ = {isa = PBXBuildFile; fileRef = A6D2863C23B0DAB500E7379B /* KoPubWorldDotumPL.otf */; };
		A6DF860323B1E5EF006FDE79 /* SignUpEmailVC.swift in Sources */ = {isa = PBXBuildFile; fileRef = A6DF860223B1E5EF006FDE79 /* SignUpEmailVC.swift */; };
		A6DF860523B1EF2F006FDE79 /* UITextField+Extensions.swift in Sources */ = {isa = PBXBuildFile; fileRef = A6DF860423B1EF2F006FDE79 /* UITextField+Extensions.swift */; };
		A6DF860723B28674006FDE79 /* HomeVC.swift in Sources */ = {isa = PBXBuildFile; fileRef = A6DF860623B28674006FDE79 /* HomeVC.swift */; };
		A6DF860B23B29567006FDE79 /* BannerCell.swift in Sources */ = {isa = PBXBuildFile; fileRef = A6DF860A23B29567006FDE79 /* BannerCell.swift */; };
		A6DF861023B33DC9006FDE79 /* TodayCollectionViewCell.swift in Sources */ = {isa = PBXBuildFile; fileRef = A6DF860E23B33DC9006FDE79 /* TodayCollectionViewCell.swift */; };
		A6DF861423B55AE8006FDE79 /* RecentCollectionViewCell.swift in Sources */ = {isa = PBXBuildFile; fileRef = A6DF861323B55AE8006FDE79 /* RecentCollectionViewCell.swift */; };
		A6DF861623B61748006FDE79 /* HowFluvCollectionViewCell.swift in Sources */ = {isa = PBXBuildFile; fileRef = A6DF861523B61748006FDE79 /* HowFluvCollectionViewCell.swift */; };
		A6DF861823B6611B006FDE79 /* NowAuctionCollectionViewCell.swift in Sources */ = {isa = PBXBuildFile; fileRef = A6DF861723B6611B006FDE79 /* NowAuctionCollectionViewCell.swift */; };
		A6DF861A23B66FF3006FDE79 /* TodayVintageCollectionViewCell.swift in Sources */ = {isa = PBXBuildFile; fileRef = A6DF861923B66FF3006FDE79 /* TodayVintageCollectionViewCell.swift */; };
		A6E2ABB623BA107900EC8E66 /* EndPayment.storyboard in Resources */ = {isa = PBXBuildFile; fileRef = A6E2ABB523BA107900EC8E66 /* EndPayment.storyboard */; };
		A6E2ABB823BA280800EC8E66 /* EndPaymentVC.swift in Sources */ = {isa = PBXBuildFile; fileRef = A6E2ABB723BA280800EC8E66 /* EndPaymentVC.swift */; };
		A6E2ABBA23BA5EB500EC8E66 /* HowToPayVC.swift in Sources */ = {isa = PBXBuildFile; fileRef = A6E2ABB923BA5EB500EC8E66 /* HowToPayVC.swift */; };
		A6E2ABBC23BA9F4100EC8E66 /* Magazine.storyboard in Resources */ = {isa = PBXBuildFile; fileRef = A6E2ABBB23BA9F4100EC8E66 /* Magazine.storyboard */; };
		A6E2ABBE23BB98AD00EC8E66 /* MagazineDetailVC.swift in Sources */ = {isa = PBXBuildFile; fileRef = A6E2ABBD23BB98AD00EC8E66 /* MagazineDetailVC.swift */; };
		A6F5434123B16AA20006FE9E /* SignUpPasswordVC.swift in Sources */ = {isa = PBXBuildFile; fileRef = A6F5434023B16AA20006FE9E /* SignUpPasswordVC.swift */; };
		A6F5434323B16AC40006FE9E /* SignUpNicknameVC.swift in Sources */ = {isa = PBXBuildFile; fileRef = A6F5434223B16AC40006FE9E /* SignUpNicknameVC.swift */; };
		A6F5434523B16AF50006FE9E /* SignUpGenderVC.swift in Sources */ = {isa = PBXBuildFile; fileRef = A6F5434423B16AF50006FE9E /* SignUpGenderVC.swift */; };
/* End PBXBuildFile section */

/* Begin PBXFileReference section */
		10DBC2AAADF3EADBBB9EF552 /* Pods-Fluff_iOS.release.xcconfig */ = {isa = PBXFileReference; includeInIndex = 1; lastKnownFileType = text.xcconfig; name = "Pods-Fluff_iOS.release.xcconfig"; path = "Target Support Files/Pods-Fluff_iOS/Pods-Fluff_iOS.release.xcconfig"; sourceTree = "<group>"; };
		5EE6AEDF89FB3A9A89FFCD46 /* Pods-Fluff_iOS.debug.xcconfig */ = {isa = PBXFileReference; includeInIndex = 1; lastKnownFileType = text.xcconfig; name = "Pods-Fluff_iOS.debug.xcconfig"; path = "Target Support Files/Pods-Fluff_iOS/Pods-Fluff_iOS.debug.xcconfig"; sourceTree = "<group>"; };
		9BF02802D950D16EF5D771EC /* Pods_Fluff_iOS.framework */ = {isa = PBXFileReference; explicitFileType = wrapper.framework; includeInIndex = 0; path = Pods_Fluff_iOS.framework; sourceTree = BUILT_PRODUCTS_DIR; };
		9D0C626C23B674BF00F31502 /* FilteringVC.swift */ = {isa = PBXFileReference; lastKnownFileType = sourcecode.swift; path = FilteringVC.swift; sourceTree = "<group>"; };
		9D1FCC4123B68B4C0089571B /* FilteringVC.xib */ = {isa = PBXFileReference; lastKnownFileType = file.xib; path = FilteringVC.xib; sourceTree = "<group>"; };
		9D385C9323B4B81000705218 /* LikeCollectionViewCell.swift */ = {isa = PBXFileReference; lastKnownFileType = sourcecode.swift; path = LikeCollectionViewCell.swift; sourceTree = "<group>"; };
		9D385C9523B4DA1800705218 /* FollowingTableViewCell.swift */ = {isa = PBXFileReference; lastKnownFileType = sourcecode.swift; path = FollowingTableViewCell.swift; sourceTree = "<group>"; };
		9D385C9723B53CB100705218 /* AuctionVC.swift */ = {isa = PBXFileReference; lastKnownFileType = sourcecode.swift; path = AuctionVC.swift; sourceTree = "<group>"; };
		9D385C9923B5416F00705218 /* AuctionCollectionViewCell.swift */ = {isa = PBXFileReference; lastKnownFileType = sourcecode.swift; path = AuctionCollectionViewCell.swift; sourceTree = "<group>"; };
		9D468ACF23B2BAF800E98500 /* OtherItemDelegate.swift */ = {isa = PBXFileReference; lastKnownFileType = sourcecode.swift; path = OtherItemDelegate.swift; sourceTree = "<group>"; };
		9D468AD123B2D89800E98500 /* PurchaseViewController.swift */ = {isa = PBXFileReference; lastKnownFileType = sourcecode.swift; path = PurchaseViewController.swift; sourceTree = "<group>"; };
		9D5676EF23B6AEC500720F06 /* CategoryCollectionViewCell.swift */ = {isa = PBXFileReference; lastKnownFileType = sourcecode.swift; path = CategoryCollectionViewCell.swift; sourceTree = "<group>"; };
		9D5676F023B6AEC500720F06 /* CategoryCollectionViewCell.xib */ = {isa = PBXFileReference; lastKnownFileType = file.xib; path = CategoryCollectionViewCell.xib; sourceTree = "<group>"; };
		9D5676F323B6B64D00720F06 /* FilteringCategory.swift */ = {isa = PBXFileReference; lastKnownFileType = sourcecode.swift; path = FilteringCategory.swift; sourceTree = "<group>"; };
		9D705A9423B7D30E00097FCF /* DetailCategoryDataSource.swift */ = {isa = PBXFileReference; lastKnownFileType = sourcecode.swift; path = DetailCategoryDataSource.swift; sourceTree = "<group>"; };
		9D705A9623B83D9E00097FCF /* ColorCategory.swift */ = {isa = PBXFileReference; lastKnownFileType = sourcecode.swift; path = ColorCategory.swift; sourceTree = "<group>"; };
		9D705A9823B8935900097FCF /* AuctionDetailVC.swift */ = {isa = PBXFileReference; lastKnownFileType = sourcecode.swift; path = AuctionDetailVC.swift; sourceTree = "<group>"; };
		9D705A9A23B8AA7400097FCF /* checkDelivery.storyboard */ = {isa = PBXFileReference; lastKnownFileType = file.storyboard; path = checkDelivery.storyboard; sourceTree = "<group>"; };
		9D705A9C23B8AA9A00097FCF /* CheckDeliveryVC.swift */ = {isa = PBXFileReference; lastKnownFileType = sourcecode.swift; path = CheckDeliveryVC.swift; sourceTree = "<group>"; };
		9D705A9E23B8AB5200097FCF /* DeliveryListTableViewCell.swift */ = {isa = PBXFileReference; lastKnownFileType = sourcecode.swift; path = DeliveryListTableViewCell.swift; sourceTree = "<group>"; };
		9D705AA023B8BCE100097FCF /* MyInfoChangeVC.swift */ = {isa = PBXFileReference; lastKnownFileType = sourcecode.swift; path = MyInfoChangeVC.swift; sourceTree = "<group>"; };
		9D70BFCE23B45B320025D22C /* LikeListParentVC.swift */ = {isa = PBXFileReference; lastKnownFileType = sourcecode.swift; path = LikeListParentVC.swift; sourceTree = "<group>"; };
		9D70BFD023B463760025D22C /* LikeListTabVC.swift */ = {isa = PBXFileReference; lastKnownFileType = sourcecode.swift; path = LikeListTabVC.swift; sourceTree = "<group>"; };
		9D70BFD223B463D40025D22C /* FollowingListVC.swift */ = {isa = PBXFileReference; lastKnownFileType = sourcecode.swift; path = FollowingListVC.swift; sourceTree = "<group>"; };
		9D70BFD423B468D80025D22C /* LikeTabbarController.swift */ = {isa = PBXFileReference; lastKnownFileType = sourcecode.swift; path = LikeTabbarController.swift; sourceTree = "<group>"; };
		9D79377B23B0C0AF00A0CD3E /* APIConstants.swift */ = {isa = PBXFileReference; lastKnownFileType = sourcecode.swift; path = APIConstants.swift; sourceTree = "<group>"; };
		9D79377D23B0C0D400A0CD3E /* NetworkResult.swift */ = {isa = PBXFileReference; lastKnownFileType = sourcecode.swift; path = NetworkResult.swift; sourceTree = "<group>"; };
		9D7937DB23B11ED500A0CD3E /* Taste.storyboard */ = {isa = PBXFileReference; lastKnownFileType = file.storyboard; path = Taste.storyboard; sourceTree = "<group>"; };
		9D7937DD23B11F1400A0CD3E /* TasteAnalysisVC.swift */ = {isa = PBXFileReference; fileEncoding = 4; lastKnownFileType = sourcecode.swift; path = TasteAnalysisVC.swift; sourceTree = "<group>"; };
		9D7937DF23B11F1D00A0CD3E /* TasteCollectionViewCell.swift */ = {isa = PBXFileReference; fileEncoding = 4; lastKnownFileType = sourcecode.swift; path = TasteCollectionViewCell.swift; sourceTree = "<group>"; };
		9D7937F223B134F300A0CD3E /* AnalysisHeaderTableViewCell.swift */ = {isa = PBXFileReference; lastKnownFileType = sourcecode.swift; path = AnalysisHeaderTableViewCell.swift; sourceTree = "<group>"; };
		9D7937F423B1350C00A0CD3E /* AnalysisTableViewCell.swift */ = {isa = PBXFileReference; lastKnownFileType = sourcecode.swift; path = AnalysisTableViewCell.swift; sourceTree = "<group>"; };
		9D7937F623B1355B00A0CD3E /* NextTasteAnalysisVC.swift */ = {isa = PBXFileReference; lastKnownFileType = sourcecode.swift; path = NextTasteAnalysisVC.swift; sourceTree = "<group>"; };
		9D7937F823B1455400A0CD3E /* FluvCollectionViewCell.swift */ = {isa = PBXFileReference; lastKnownFileType = sourcecode.swift; path = FluvCollectionViewCell.swift; sourceTree = "<group>"; };
		9D7937FA23B16E7E00A0CD3E /* MainTabbarController.swift */ = {isa = PBXFileReference; lastKnownFileType = sourcecode.swift; path = MainTabbarController.swift; sourceTree = "<group>"; };
		9D7937FC23B1751300A0CD3E /* ShoppingVC.swift */ = {isa = PBXFileReference; lastKnownFileType = sourcecode.swift; path = ShoppingVC.swift; sourceTree = "<group>"; };
		9D79380023B1795D00A0CD3E /* ShopCollectionViewCell.swift */ = {isa = PBXFileReference; lastKnownFileType = sourcecode.swift; path = ShopCollectionViewCell.swift; sourceTree = "<group>"; };
		9D79381723B227CF00A0CD3E /* UIButton+Extensions.swift */ = {isa = PBXFileReference; fileEncoding = 4; lastKnownFileType = sourcecode.swift; path = "UIButton+Extensions.swift"; sourceTree = "<group>"; };
		9D79381923B227CF00A0CD3E /* UITabBar+Extensions.swift */ = {isa = PBXFileReference; fileEncoding = 4; lastKnownFileType = sourcecode.swift; path = "UITabBar+Extensions.swift"; sourceTree = "<group>"; };
		9D79381A23B227CF00A0CD3E /* UIImageView+Extensions.swift */ = {isa = PBXFileReference; fileEncoding = 4; lastKnownFileType = sourcecode.swift; path = "UIImageView+Extensions.swift"; sourceTree = "<group>"; };
		9D79381B23B227CF00A0CD3E /* UIColor+Extensions.swift */ = {isa = PBXFileReference; fileEncoding = 4; lastKnownFileType = sourcecode.swift; path = "UIColor+Extensions.swift"; sourceTree = "<group>"; };
		9D79381C23B227CF00A0CD3E /* UIViewController+Extensions.swift */ = {isa = PBXFileReference; fileEncoding = 4; lastKnownFileType = sourcecode.swift; path = "UIViewController+Extensions.swift"; sourceTree = "<group>"; };
		9D79381D23B227CF00A0CD3E /* NSNotificationName+Extensions.swift */ = {isa = PBXFileReference; fileEncoding = 4; lastKnownFileType = sourcecode.swift; path = "NSNotificationName+Extensions.swift"; sourceTree = "<group>"; };
		9D79381E23B227CF00A0CD3E /* UIView+Extensions.swift */ = {isa = PBXFileReference; fileEncoding = 4; lastKnownFileType = sourcecode.swift; path = "UIView+Extensions.swift"; sourceTree = "<group>"; };
		9D79382B23B2871400A0CD3E /* DetailItemVC.swift */ = {isa = PBXFileReference; lastKnownFileType = sourcecode.swift; path = DetailItemVC.swift; sourceTree = "<group>"; };
		9D7B342923B28BE000F1A530 /* DetailItemCollectionViewCell.swift */ = {isa = PBXFileReference; lastKnownFileType = sourcecode.swift; path = DetailItemCollectionViewCell.swift; sourceTree = "<group>"; };
		9D7B342D23B2B4E500F1A530 /* OtherItemDataSource.swift */ = {isa = PBXFileReference; lastKnownFileType = sourcecode.swift; path = OtherItemDataSource.swift; sourceTree = "<group>"; };
		9D7B342F23B2B7F200F1A530 /* OtherItemCollectionViewCell.swift */ = {isa = PBXFileReference; lastKnownFileType = sourcecode.swift; path = OtherItemCollectionViewCell.swift; sourceTree = "<group>"; };
		9D84B12123B920070019C7D4 /* CartVC.swift */ = {isa = PBXFileReference; lastKnownFileType = sourcecode.swift; path = CartVC.swift; sourceTree = "<group>"; };
		9D84B12323B938000019C7D4 /* CartListTableViewCell.swift */ = {isa = PBXFileReference; lastKnownFileType = sourcecode.swift; path = CartListTableViewCell.swift; sourceTree = "<group>"; };
		9D84B12523B9413F0019C7D4 /* CartItemCollectionViewCell.swift */ = {isa = PBXFileReference; lastKnownFileType = sourcecode.swift; path = CartItemCollectionViewCell.swift; sourceTree = "<group>"; };
		9DD73AF523B75A2E00E1DB97 /* HomeNavigationVC.swift */ = {isa = PBXFileReference; lastKnownFileType = sourcecode.swift; path = HomeNavigationVC.swift; sourceTree = "<group>"; };
		9DD73AF723B7B8B700E1DB97 /* AuctionDetailCollectionViewCell.swift */ = {isa = PBXFileReference; lastKnownFileType = sourcecode.swift; path = AuctionDetailCollectionViewCell.swift; sourceTree = "<group>"; };
		9DD73AF923B7D0FC00E1DB97 /* DetailCategoryCollectionViewCell.swift */ = {isa = PBXFileReference; lastKnownFileType = sourcecode.swift; path = DetailCategoryCollectionViewCell.swift; sourceTree = "<group>"; };
		9DD73AFA23B7D0FC00E1DB97 /* DetailCategoryCollectionViewCell.xib */ = {isa = PBXFileReference; lastKnownFileType = file.xib; path = DetailCategoryCollectionViewCell.xib; sourceTree = "<group>"; };
		9DE13BD223B370580040AEB2 /* MenuCategory.swift */ = {isa = PBXFileReference; lastKnownFileType = sourcecode.swift; path = MenuCategory.swift; sourceTree = "<group>"; };
		9DE4AAD523B9677E0095A5B3 /* WelcomeViewController.swift */ = {isa = PBXFileReference; lastKnownFileType = sourcecode.swift; path = WelcomeViewController.swift; sourceTree = "<group>"; };
		9DE4AAD723BA05610095A5B3 /* AnalysisStatus.swift */ = {isa = PBXFileReference; lastKnownFileType = sourcecode.swift; path = AnalysisStatus.swift; sourceTree = "<group>"; };
		9DE5C98523BB40FB00D7359C /* FluvVC.swift */ = {isa = PBXFileReference; lastKnownFileType = sourcecode.swift; path = FluvVC.swift; sourceTree = "<group>"; };
		9DF0EB5D23BA6B3100EEC259 /* FluvApplyVC.swift */ = {isa = PBXFileReference; lastKnownFileType = sourcecode.swift; path = FluvApplyVC.swift; sourceTree = "<group>"; };
		9DF0EB5F23BAA1B200EEC259 /* HashTagCategory.swift */ = {isa = PBXFileReference; lastKnownFileType = sourcecode.swift; path = HashTagCategory.swift; sourceTree = "<group>"; };
		9DF0EB6123BAD8CC00EEC259 /* SigninService.swift */ = {isa = PBXFileReference; lastKnownFileType = sourcecode.swift; path = SigninService.swift; sourceTree = "<group>"; };
		9DF0EB6323BADF4E00EEC259 /* SigninData.swift */ = {isa = PBXFileReference; lastKnownFileType = sourcecode.swift; path = SigninData.swift; sourceTree = "<group>"; };
		9DFA7FF723B350540036AA50 /* MyPageViewController.swift */ = {isa = PBXFileReference; lastKnownFileType = sourcecode.swift; path = MyPageViewController.swift; sourceTree = "<group>"; };
		9DFA7FF923B363A00036AA50 /* CurrentProductCollectionViewCell.swift */ = {isa = PBXFileReference; lastKnownFileType = sourcecode.swift; path = CurrentProductCollectionViewCell.swift; sourceTree = "<group>"; };
		9DFA7FFC23B367BD0036AA50 /* MyPageTableViewCell.swift */ = {isa = PBXFileReference; lastKnownFileType = sourcecode.swift; path = MyPageTableViewCell.swift; sourceTree = "<group>"; };
		A63C505F23B08BF40069BAFB /* Fluff_iOS.app */ = {isa = PBXFileReference; explicitFileType = wrapper.application; includeInIndex = 0; path = Fluff_iOS.app; sourceTree = BUILT_PRODUCTS_DIR; };
		A63C506223B08BF40069BAFB /* AppDelegate.swift */ = {isa = PBXFileReference; lastKnownFileType = sourcecode.swift; path = AppDelegate.swift; sourceTree = "<group>"; };
		A63C506423B08BF40069BAFB /* SceneDelegate.swift */ = {isa = PBXFileReference; lastKnownFileType = sourcecode.swift; path = SceneDelegate.swift; sourceTree = "<group>"; };
		A63C506623B08BF40069BAFB /* LaunchVC.swift */ = {isa = PBXFileReference; lastKnownFileType = sourcecode.swift; path = LaunchVC.swift; sourceTree = "<group>"; };
		A63C506923B08BF40069BAFB /* Base */ = {isa = PBXFileReference; lastKnownFileType = file.storyboard; name = Base; path = Base.lproj/Main.storyboard; sourceTree = "<group>"; };
		A63C506B23B08BF60069BAFB /* Assets.xcassets */ = {isa = PBXFileReference; lastKnownFileType = folder.assetcatalog; path = Assets.xcassets; sourceTree = "<group>"; };
		A63C506E23B08BF60069BAFB /* Base */ = {isa = PBXFileReference; lastKnownFileType = file.storyboard; name = Base; path = Base.lproj/LaunchScreen.storyboard; sourceTree = "<group>"; };
		A63C507023B08BF60069BAFB /* Info.plist */ = {isa = PBXFileReference; lastKnownFileType = text.plist.xml; path = Info.plist; sourceTree = "<group>"; };
		A63C507C23B0A34D0069BAFB /* LoginVC.swift */ = {isa = PBXFileReference; lastKnownFileType = sourcecode.swift; path = LoginVC.swift; sourceTree = "<group>"; };
		A64C4F0623B137590066FE7F /* SignUpEmailVC.swift */ = {isa = PBXFileReference; lastKnownFileType = sourcecode.swift; path = SignUpEmailVC.swift; sourceTree = "<group>"; };
		A66F23FC23B6DCB6004B57FA /* KeywordTableViewCell.swift */ = {isa = PBXFileReference; lastKnownFileType = sourcecode.swift; path = KeywordTableViewCell.swift; sourceTree = "<group>"; };
		A66F23FE23B6E796004B57FA /* NewSignUp.storyboard */ = {isa = PBXFileReference; lastKnownFileType = file.storyboard; path = NewSignUp.storyboard; sourceTree = "<group>"; };
		A66F240023B7532C004B57FA /* NewSignUpViewController.swift */ = {isa = PBXFileReference; lastKnownFileType = sourcecode.swift; path = NewSignUpViewController.swift; sourceTree = "<group>"; };
		A66F240623B8A509004B57FA /* BannerIntoVC.swift */ = {isa = PBXFileReference; lastKnownFileType = sourcecode.swift; path = BannerIntoVC.swift; sourceTree = "<group>"; };
		A66F240A23B8B3C4004B57FA /* BannerIntoCollectionViewCell.swift */ = {isa = PBXFileReference; lastKnownFileType = sourcecode.swift; path = BannerIntoCollectionViewCell.swift; sourceTree = "<group>"; };
		A66F240C23B8BADB004B57FA /* BannerHeaderReusableView.swift */ = {isa = PBXFileReference; lastKnownFileType = sourcecode.swift; path = BannerHeaderReusableView.swift; sourceTree = "<group>"; };
		A66F240E23B9045B004B57FA /* ThemeIntoVC.swift */ = {isa = PBXFileReference; lastKnownFileType = sourcecode.swift; path = ThemeIntoVC.swift; sourceTree = "<group>"; };
		A66F241023B90FA2004B57FA /* ThemeIntoCollectionViewCell.swift */ = {isa = PBXFileReference; lastKnownFileType = sourcecode.swift; path = ThemeIntoCollectionViewCell.swift; sourceTree = "<group>"; };
		A66F241223B91B2B004B57FA /* ThemeIntoCollectionReusableView.swift */ = {isa = PBXFileReference; lastKnownFileType = sourcecode.swift; path = ThemeIntoCollectionReusableView.swift; sourceTree = "<group>"; };
		A6D2861E23B0D2CD00E7379B /* SCDream9.otf */ = {isa = PBXFileReference; lastKnownFileType = file; path = SCDream9.otf; sourceTree = "<group>"; };
		A6D2861F23B0D2CD00E7379B /* SCDream1.otf */ = {isa = PBXFileReference; lastKnownFileType = file; path = SCDream1.otf; sourceTree = "<group>"; };
		A6D2862123B0D2CD00E7379B /* SCDream2.otf */ = {isa = PBXFileReference; lastKnownFileType = file; path = SCDream2.otf; sourceTree = "<group>"; };
		A6D2862223B0D2CD00E7379B /* KoPubWorldBatangPM.otf */ = {isa = PBXFileReference; lastKnownFileType = file; path = KoPubWorldBatangPM.otf; sourceTree = "<group>"; };
		A6D2862323B0D2CD00E7379B /* SCDream4.otf */ = {isa = PBXFileReference; lastKnownFileType = file; path = SCDream4.otf; sourceTree = "<group>"; };
		A6D2862423B0D2CD00E7379B /* KoPubWorldBatangPB.otf */ = {isa = PBXFileReference; lastKnownFileType = file; path = KoPubWorldBatangPB.otf; sourceTree = "<group>"; };
		A6D2862523B0D2CD00E7379B /* SCDream5.otf */ = {isa = PBXFileReference; lastKnownFileType = file; path = SCDream5.otf; sourceTree = "<group>"; };
		A6D2862623B0D2CD00E7379B /* SCDream6.otf */ = {isa = PBXFileReference; lastKnownFileType = file; path = SCDream6.otf; sourceTree = "<group>"; };
		A6D2862723B0D2CD00E7379B /* SCDream7.otf */ = {isa = PBXFileReference; lastKnownFileType = file; path = SCDream7.otf; sourceTree = "<group>"; };
		A6D2862823B0D2CD00E7379B /* KoPubWorldBatangPL.otf */ = {isa = PBXFileReference; lastKnownFileType = file; path = KoPubWorldBatangPL.otf; sourceTree = "<group>"; };
		A6D2862923B0D2CD00E7379B /* SCDream3.otf */ = {isa = PBXFileReference; lastKnownFileType = file; path = SCDream3.otf; sourceTree = "<group>"; };
		A6D2862A23B0D2CD00E7379B /* KoPubWorldDotumPB.otf */ = {isa = PBXFileReference; lastKnownFileType = file; path = KoPubWorldDotumPB.otf; sourceTree = "<group>"; };
		A6D2862B23B0D2CD00E7379B /* SCDream8.otf */ = {isa = PBXFileReference; lastKnownFileType = file; path = SCDream8.otf; sourceTree = "<group>"; };
		A6D2863B23B0DAB500E7379B /* KoPubWorldDotumPM.otf */ = {isa = PBXFileReference; lastKnownFileType = file; path = KoPubWorldDotumPM.otf; sourceTree = "<group>"; };
		A6D2863C23B0DAB500E7379B /* KoPubWorldDotumPL.otf */ = {isa = PBXFileReference; lastKnownFileType = file; path = KoPubWorldDotumPL.otf; sourceTree = "<group>"; };
		A6DF860223B1E5EF006FDE79 /* SignUpEmailVC.swift */ = {isa = PBXFileReference; lastKnownFileType = sourcecode.swift; path = SignUpEmailVC.swift; sourceTree = "<group>"; };
		A6DF860423B1EF2F006FDE79 /* UITextField+Extensions.swift */ = {isa = PBXFileReference; lastKnownFileType = sourcecode.swift; path = "UITextField+Extensions.swift"; sourceTree = "<group>"; };
		A6DF860623B28674006FDE79 /* HomeVC.swift */ = {isa = PBXFileReference; lastKnownFileType = sourcecode.swift; path = HomeVC.swift; sourceTree = "<group>"; };
		A6DF860A23B29567006FDE79 /* BannerCell.swift */ = {isa = PBXFileReference; lastKnownFileType = sourcecode.swift; path = BannerCell.swift; sourceTree = "<group>"; };
		A6DF860E23B33DC9006FDE79 /* TodayCollectionViewCell.swift */ = {isa = PBXFileReference; lastKnownFileType = sourcecode.swift; path = TodayCollectionViewCell.swift; sourceTree = "<group>"; };
		A6DF861323B55AE8006FDE79 /* RecentCollectionViewCell.swift */ = {isa = PBXFileReference; lastKnownFileType = sourcecode.swift; path = RecentCollectionViewCell.swift; sourceTree = "<group>"; };
		A6DF861523B61748006FDE79 /* HowFluvCollectionViewCell.swift */ = {isa = PBXFileReference; lastKnownFileType = sourcecode.swift; path = HowFluvCollectionViewCell.swift; sourceTree = "<group>"; };
		A6DF861723B6611B006FDE79 /* NowAuctionCollectionViewCell.swift */ = {isa = PBXFileReference; lastKnownFileType = sourcecode.swift; path = NowAuctionCollectionViewCell.swift; sourceTree = "<group>"; };
		A6DF861923B66FF3006FDE79 /* TodayVintageCollectionViewCell.swift */ = {isa = PBXFileReference; lastKnownFileType = sourcecode.swift; path = TodayVintageCollectionViewCell.swift; sourceTree = "<group>"; };
		A6E2ABB523BA107900EC8E66 /* EndPayment.storyboard */ = {isa = PBXFileReference; lastKnownFileType = file.storyboard; path = EndPayment.storyboard; sourceTree = "<group>"; };
		A6E2ABB723BA280800EC8E66 /* EndPaymentVC.swift */ = {isa = PBXFileReference; lastKnownFileType = sourcecode.swift; path = EndPaymentVC.swift; sourceTree = "<group>"; };
		A6E2ABB923BA5EB500EC8E66 /* HowToPayVC.swift */ = {isa = PBXFileReference; lastKnownFileType = sourcecode.swift; path = HowToPayVC.swift; sourceTree = "<group>"; };
		A6E2ABBB23BA9F4100EC8E66 /* Magazine.storyboard */ = {isa = PBXFileReference; lastKnownFileType = file.storyboard; path = Magazine.storyboard; sourceTree = "<group>"; };
		A6E2ABBD23BB98AD00EC8E66 /* MagazineDetailVC.swift */ = {isa = PBXFileReference; lastKnownFileType = sourcecode.swift; path = MagazineDetailVC.swift; sourceTree = "<group>"; };
		A6F5433723B15DA50006FE9E /* UINavigationBar+Extensions.swift */ = {isa = PBXFileReference; fileEncoding = 4; lastKnownFileType = sourcecode.swift; name = "UINavigationBar+Extensions.swift"; path = "/Downloads/아카이브/UINavigationBar+Extensions.swift"; sourceTree = "<absolute>"; };
		A6F5434023B16AA20006FE9E /* SignUpPasswordVC.swift */ = {isa = PBXFileReference; lastKnownFileType = sourcecode.swift; path = SignUpPasswordVC.swift; sourceTree = "<group>"; };
		A6F5434223B16AC40006FE9E /* SignUpNicknameVC.swift */ = {isa = PBXFileReference; lastKnownFileType = sourcecode.swift; path = SignUpNicknameVC.swift; sourceTree = "<group>"; };
		A6F5434423B16AF50006FE9E /* SignUpGenderVC.swift */ = {isa = PBXFileReference; lastKnownFileType = sourcecode.swift; path = SignUpGenderVC.swift; sourceTree = "<group>"; };
/* End PBXFileReference section */

/* Begin PBXFrameworksBuildPhase section */
		CB9D5CCFE88137839395E742 /* Frameworks */ = {
			isa = PBXFrameworksBuildPhase;
			buildActionMask = 2147483647;
			files = (
				9220E422FA1EA1290E06A7A1 /* Pods_Fluff_iOS.framework in Frameworks */,
			);
			runOnlyForDeploymentPostprocessing = 0;
		};
/* End PBXFrameworksBuildPhase section */

/* Begin PBXGroup section */
		212E0C894F17578854A222CA /* Frameworks */ = {
			isa = PBXGroup;
			children = (
				9BF02802D950D16EF5D771EC /* Pods_Fluff_iOS.framework */,
			);
			name = Frameworks;
			sourceTree = "<group>";
		};
		351106D8536B0744B4565414 /* Pods */ = {
			isa = PBXGroup;
			children = (
				5EE6AEDF89FB3A9A89FFCD46 /* Pods-Fluff_iOS.debug.xcconfig */,
				10DBC2AAADF3EADBBB9EF552 /* Pods-Fluff_iOS.release.xcconfig */,
			);
			path = Pods;
			sourceTree = "<group>";
		};
		9D1FCC3C23B675930089571B /* Nibs */ = {
			isa = PBXGroup;
			children = (
				9D1FCC4123B68B4C0089571B /* FilteringVC.xib */,
				9D5676F023B6AEC500720F06 /* CategoryCollectionViewCell.xib */,
				9DD73AFA23B7D0FC00E1DB97 /* DetailCategoryCollectionViewCell.xib */,
			);
			path = Nibs;
			sourceTree = "<group>";
		};
		9D385C9023B491C700705218 /* Recovered References */ = {
			isa = PBXGroup;
			children = (
				A6F5433723B15DA50006FE9E /* UINavigationBar+Extensions.swift */,
			);
			name = "Recovered References";
			sourceTree = "<group>";
		};
		9D79377A23B0C09300A0CD3E /* APIService */ = {
			isa = PBXGroup;
			children = (
				9D79377B23B0C0AF00A0CD3E /* APIConstants.swift */,
				9D79377D23B0C0D400A0CD3E /* NetworkResult.swift */,
				9DF0EB6123BAD8CC00EEC259 /* SigninService.swift */,
			);
			path = APIService;
			sourceTree = "<group>";
		};
		9D79379123B0C17B00A0CD3E /* Models */ = {
			isa = PBXGroup;
			children = (
			);
			path = Models;
			sourceTree = "<group>";
		};
		9D79379223B0C18000A0CD3E /* Views */ = {
			isa = PBXGroup;
			children = (
			);
			name = Views;
			path = Models/Views;
			sourceTree = "<group>";
		};
		9D79379423B0C1AF00A0CD3E /* CollectionView */ = {
			isa = PBXGroup;
			children = (
				9D7937DF23B11F1D00A0CD3E /* TasteCollectionViewCell.swift */,
				9D7937F823B1455400A0CD3E /* FluvCollectionViewCell.swift */,
				A6DF861323B55AE8006FDE79 /* RecentCollectionViewCell.swift */,
				9D79380023B1795D00A0CD3E /* ShopCollectionViewCell.swift */,
				A6DF861723B6611B006FDE79 /* NowAuctionCollectionViewCell.swift */,
				A6DF861923B66FF3006FDE79 /* TodayVintageCollectionViewCell.swift */,
				9D7B342923B28BE000F1A530 /* DetailItemCollectionViewCell.swift */,
				A6DF861523B61748006FDE79 /* HowFluvCollectionViewCell.swift */,
				A66F240A23B8B3C4004B57FA /* BannerIntoCollectionViewCell.swift */,
				9D7B342D23B2B4E500F1A530 /* OtherItemDataSource.swift */,
				9D7B342F23B2B7F200F1A530 /* OtherItemCollectionViewCell.swift */,
				9D468ACF23B2BAF800E98500 /* OtherItemDelegate.swift */,
				9DFA7FF923B363A00036AA50 /* CurrentProductCollectionViewCell.swift */,
				A6DF860E23B33DC9006FDE79 /* TodayCollectionViewCell.swift */,
				A6DF860A23B29567006FDE79 /* BannerCell.swift */,
				9D385C9323B4B81000705218 /* LikeCollectionViewCell.swift */,
				9D385C9923B5416F00705218 /* AuctionCollectionViewCell.swift */,
				9D5676EF23B6AEC500720F06 /* CategoryCollectionViewCell.swift */,
				9DD73AF923B7D0FC00E1DB97 /* DetailCategoryCollectionViewCell.swift */,
				9DD73AF723B7B8B700E1DB97 /* AuctionDetailCollectionViewCell.swift */,
				9D705A9423B7D30E00097FCF /* DetailCategoryDataSource.swift */,
				A66F240C23B8BADB004B57FA /* BannerHeaderReusableView.swift */,
				9D84B12523B9413F0019C7D4 /* CartItemCollectionViewCell.swift */,
				A66F241023B90FA2004B57FA /* ThemeIntoCollectionViewCell.swift */,
				A66F241223B91B2B004B57FA /* ThemeIntoCollectionReusableView.swift */,
			);
			path = CollectionView;
			sourceTree = "<group>";
		};
		9D7937F123B134B900A0CD3E /* TableView */ = {
			isa = PBXGroup;
			children = (
				9D7937F223B134F300A0CD3E /* AnalysisHeaderTableViewCell.swift */,
				9D7937F423B1350C00A0CD3E /* AnalysisTableViewCell.swift */,
				A66F23FC23B6DCB6004B57FA /* KeywordTableViewCell.swift */,
				9DFA7FFC23B367BD0036AA50 /* MyPageTableViewCell.swift */,
				9D385C9523B4DA1800705218 /* FollowingTableViewCell.swift */,
				9D705A9E23B8AB5200097FCF /* DeliveryListTableViewCell.swift */,
				9D84B12323B938000019C7D4 /* CartListTableViewCell.swift */,
			);
			path = TableView;
			sourceTree = "<group>";
		};
		9DD73AF423B75A1600E1DB97 /* NavigationControllers */ = {
			isa = PBXGroup;
			children = (
				9DD73AF523B75A2E00E1DB97 /* HomeNavigationVC.swift */,
			);
			path = NavigationControllers;
			sourceTree = "<group>";
		};
		9DE13BD123B3704A0040AEB2 /* Enum */ = {
			isa = PBXGroup;
			children = (
				9DE13BD223B370580040AEB2 /* MenuCategory.swift */,
				9D5676F323B6B64D00720F06 /* FilteringCategory.swift */,
				9D705A9623B83D9E00097FCF /* ColorCategory.swift */,
				9DE4AAD723BA05610095A5B3 /* AnalysisStatus.swift */,
				9DF0EB5F23BAA1B200EEC259 /* HashTagCategory.swift */,
			);
			path = Enum;
			sourceTree = "<group>";
		};
		9DF0EB6523BADF5E00EEC259 /* NetworkData */ = {
			isa = PBXGroup;
			children = (
				9DF0EB6323BADF4E00EEC259 /* SigninData.swift */,
			);
			path = NetworkData;
			sourceTree = "<group>";
		};
		A63C505623B08BF40069BAFB = {
			isa = PBXGroup;
			children = (
				A63C506123B08BF40069BAFB /* Fluff_iOS */,
				A63C506023B08BF40069BAFB /* Products */,
				351106D8536B0744B4565414 /* Pods */,
				212E0C894F17578854A222CA /* Frameworks */,
				9D385C9023B491C700705218 /* Recovered References */,
			);
			sourceTree = "<group>";
		};
		A63C506023B08BF40069BAFB /* Products */ = {
			isa = PBXGroup;
			children = (
				A63C505F23B08BF40069BAFB /* Fluff_iOS.app */,
			);
			name = Products;
			sourceTree = "<group>";
		};
		A63C506123B08BF40069BAFB /* Fluff_iOS */ = {
			isa = PBXGroup;
			children = (
				A63C507623B08BFC0069BAFB /* Resources */,
				A63C506B23B08BF60069BAFB /* Assets.xcassets */,
				A63C507723B08C070069BAFB /* Sources */,
				A63C507023B08BF60069BAFB /* Info.plist */,
			);
			path = Fluff_iOS;
			sourceTree = "<group>";
		};
		A63C507623B08BFC0069BAFB /* Resources */ = {
			isa = PBXGroup;
			children = (
				A6D285FE23B0CED800E7379B /* Fonts */,
				9D79377A23B0C09300A0CD3E /* APIService */,
				A63C507923B08CAA0069BAFB /* Storyboards */,
				9D1FCC3C23B675930089571B /* Nibs */,
			);
			path = Resources;
			sourceTree = "<group>";
		};
		A63C507723B08C070069BAFB /* Sources */ = {
			isa = PBXGroup;
			children = (
				9DF0EB6523BADF5E00EEC259 /* NetworkData */,
				9DD73AF423B75A1600E1DB97 /* NavigationControllers */,
				9DE13BD123B3704A0040AEB2 /* Enum */,
				A64C4EF123B0FDBD0066FE7F /* Extensions */,
				A63C507823B08C2C0069BAFB /* ViewControllers */,
				9D7937F123B134B900A0CD3E /* TableView */,
				9D79379223B0C18000A0CD3E /* Views */,
				9D79379123B0C17B00A0CD3E /* Models */,
				9D79379423B0C1AF00A0CD3E /* CollectionView */,
				A63C506223B08BF40069BAFB /* AppDelegate.swift */,
				A63C506423B08BF40069BAFB /* SceneDelegate.swift */,
			);
			path = Sources;
			sourceTree = "<group>";
		};
		A63C507823B08C2C0069BAFB /* ViewControllers */ = {
			isa = PBXGroup;
			children = (
				A63C507C23B0A34D0069BAFB /* LoginVC.swift */,
				A63C506623B08BF40069BAFB /* LaunchVC.swift */,
				A6F5434023B16AA20006FE9E /* SignUpPasswordVC.swift */,
				A66F240023B7532C004B57FA /* NewSignUpViewController.swift */,
				A6F5434423B16AF50006FE9E /* SignUpGenderVC.swift */,
				A66F240623B8A509004B57FA /* BannerIntoVC.swift */,
				A6DF860223B1E5EF006FDE79 /* SignUpEmailVC.swift */,
				A6DF860623B28674006FDE79 /* HomeVC.swift */,
				A6F5434223B16AC40006FE9E /* SignUpNicknameVC.swift */,
				9D7937DD23B11F1400A0CD3E /* TasteAnalysisVC.swift */,
				9D7937F623B1355B00A0CD3E /* NextTasteAnalysisVC.swift */,
				A64C4F0623B137590066FE7F /* SignUpEmailVC.swift */,
				9D7937FA23B16E7E00A0CD3E /* MainTabbarController.swift */,
				9D7937FC23B1751300A0CD3E /* ShoppingVC.swift */,
				9D79382B23B2871400A0CD3E /* DetailItemVC.swift */,
				9D468AD123B2D89800E98500 /* PurchaseViewController.swift */,
				9DFA7FF723B350540036AA50 /* MyPageViewController.swift */,
				9D70BFCE23B45B320025D22C /* LikeListParentVC.swift */,
				9D70BFD423B468D80025D22C /* LikeTabbarController.swift */,
				9D70BFD023B463760025D22C /* LikeListTabVC.swift */,
				9D70BFD223B463D40025D22C /* FollowingListVC.swift */,
				9D385C9723B53CB100705218 /* AuctionVC.swift */,
				9D0C626C23B674BF00F31502 /* FilteringVC.swift */,
				9D705A9823B8935900097FCF /* AuctionDetailVC.swift */,
				9D705A9C23B8AA9A00097FCF /* CheckDeliveryVC.swift */,
				9D705AA023B8BCE100097FCF /* MyInfoChangeVC.swift */,
				9D84B12123B920070019C7D4 /* CartVC.swift */,
				A66F240E23B9045B004B57FA /* ThemeIntoVC.swift */,
				9DE4AAD523B9677E0095A5B3 /* WelcomeViewController.swift */,
				A6E2ABB723BA280800EC8E66 /* EndPaymentVC.swift */,
				9DF0EB5D23BA6B3100EEC259 /* FluvApplyVC.swift */,
				A6E2ABB923BA5EB500EC8E66 /* HowToPayVC.swift */,
				9DE5C98523BB40FB00D7359C /* FluvVC.swift */,
				A6E2ABBD23BB98AD00EC8E66 /* MagazineDetailVC.swift */,
			);
			path = ViewControllers;
			sourceTree = "<group>";
		};
		A63C507923B08CAA0069BAFB /* Storyboards */ = {
			isa = PBXGroup;
			children = (
				A63C506823B08BF40069BAFB /* Main.storyboard */,
				A6E2ABBB23BA9F4100EC8E66 /* Magazine.storyboard */,
				A6E2ABB523BA107900EC8E66 /* EndPayment.storyboard */,
				A63C506D23B08BF60069BAFB /* LaunchScreen.storyboard */,
				A66F23FE23B6E796004B57FA /* NewSignUp.storyboard */,
				9D7937DB23B11ED500A0CD3E /* Taste.storyboard */,
				9D705A9A23B8AA7400097FCF /* checkDelivery.storyboard */,
			);
			path = Storyboards;
			sourceTree = "<group>";
		};
		A64C4EF123B0FDBD0066FE7F /* Extensions */ = {
			isa = PBXGroup;
			children = (
				A6DF860423B1EF2F006FDE79 /* UITextField+Extensions.swift */,
				9D79381D23B227CF00A0CD3E /* NSNotificationName+Extensions.swift */,
				9D79381723B227CF00A0CD3E /* UIButton+Extensions.swift */,
				9D79381B23B227CF00A0CD3E /* UIColor+Extensions.swift */,
				9D79381A23B227CF00A0CD3E /* UIImageView+Extensions.swift */,
				9D79381923B227CF00A0CD3E /* UITabBar+Extensions.swift */,
				9D79381E23B227CF00A0CD3E /* UIView+Extensions.swift */,
				9D79381C23B227CF00A0CD3E /* UIViewController+Extensions.swift */,
			);
			path = Extensions;
			sourceTree = "<group>";
		};
		A6D285FE23B0CED800E7379B /* Fonts */ = {
			isa = PBXGroup;
			children = (
				A6D2862423B0D2CD00E7379B /* KoPubWorldBatangPB.otf */,
				A6D2862823B0D2CD00E7379B /* KoPubWorldBatangPL.otf */,
				A6D2863C23B0DAB500E7379B /* KoPubWorldDotumPL.otf */,
				A6D2863B23B0DAB500E7379B /* KoPubWorldDotumPM.otf */,
				A6D2862223B0D2CD00E7379B /* KoPubWorldBatangPM.otf */,
				A6D2862A23B0D2CD00E7379B /* KoPubWorldDotumPB.otf */,
				A6D2861F23B0D2CD00E7379B /* SCDream1.otf */,
				A6D2862123B0D2CD00E7379B /* SCDream2.otf */,
				A6D2862923B0D2CD00E7379B /* SCDream3.otf */,
				A6D2862323B0D2CD00E7379B /* SCDream4.otf */,
				A6D2862523B0D2CD00E7379B /* SCDream5.otf */,
				A6D2862623B0D2CD00E7379B /* SCDream6.otf */,
				A6D2862723B0D2CD00E7379B /* SCDream7.otf */,
				A6D2862B23B0D2CD00E7379B /* SCDream8.otf */,
				A6D2861E23B0D2CD00E7379B /* SCDream9.otf */,
			);
			path = Fonts;
			sourceTree = "<group>";
		};
/* End PBXGroup section */

/* Begin PBXNativeTarget section */
		A63C505E23B08BF40069BAFB /* Fluff_iOS */ = {
			isa = PBXNativeTarget;
			buildConfigurationList = A63C507323B08BF60069BAFB /* Build configuration list for PBXNativeTarget "Fluff_iOS" */;
			buildPhases = (
				955DA209D9999672A3D1F225 /* [CP] Check Pods Manifest.lock */,
				A63C505B23B08BF40069BAFB /* Sources */,
				A63C505D23B08BF40069BAFB /* Resources */,
				41C51DEFE10037A19754FD8C /* [CP] Embed Pods Frameworks */,
				CB9D5CCFE88137839395E742 /* Frameworks */,
			);
			buildRules = (
			);
			dependencies = (
			);
			name = Fluff_iOS;
			productName = Fluff_iOS;
			productReference = A63C505F23B08BF40069BAFB /* Fluff_iOS.app */;
			productType = "com.apple.product-type.application";
		};
/* End PBXNativeTarget section */

/* Begin PBXProject section */
		A63C505723B08BF40069BAFB /* Project object */ = {
			isa = PBXProject;
			attributes = {
				LastSwiftUpdateCheck = 1130;
				LastUpgradeCheck = 1130;
				ORGANIZATIONNAME = "TaeJin Oh";
				TargetAttributes = {
					A63C505E23B08BF40069BAFB = {
						CreatedOnToolsVersion = 11.3;
					};
				};
			};
			buildConfigurationList = A63C505A23B08BF40069BAFB /* Build configuration list for PBXProject "Fluff_iOS" */;
			compatibilityVersion = "Xcode 9.3";
			developmentRegion = en;
			hasScannedForEncodings = 0;
			knownRegions = (
				en,
				Base,
			);
			mainGroup = A63C505623B08BF40069BAFB;
			productRefGroup = A63C506023B08BF40069BAFB /* Products */;
			projectDirPath = "";
			projectRoot = "";
			targets = (
				A63C505E23B08BF40069BAFB /* Fluff_iOS */,
			);
		};
/* End PBXProject section */

/* Begin PBXResourcesBuildPhase section */
		A63C505D23B08BF40069BAFB /* Resources */ = {
			isa = PBXResourcesBuildPhase;
			buildActionMask = 2147483647;
			files = (
				A6D2863223B0D2CD00E7379B /* SCDream4.otf in Resources */,
				A6E2ABB623BA107900EC8E66 /* EndPayment.storyboard in Resources */,
				9D705A9B23B8AA7400097FCF /* checkDelivery.storyboard in Resources */,
				A6D2863123B0D2CD00E7379B /* KoPubWorldBatangPM.otf in Resources */,
				A6D2862D23B0D2CD00E7379B /* SCDream9.otf in Resources */,
				A6D2863423B0D2CD00E7379B /* SCDream5.otf in Resources */,
				A6D2863723B0D2CD00E7379B /* KoPubWorldBatangPL.otf in Resources */,
				A6D2863823B0D2CD00E7379B /* SCDream3.otf in Resources */,
				A63C506F23B08BF60069BAFB /* LaunchScreen.storyboard in Resources */,
				A6D2863623B0D2CD00E7379B /* SCDream7.otf in Resources */,
				A6D2863323B0D2CD00E7379B /* KoPubWorldBatangPB.otf in Resources */,
				A6D2863E23B0DAB500E7379B /* KoPubWorldDotumPL.otf in Resources */,
				A6D2863D23B0DAB500E7379B /* KoPubWorldDotumPM.otf in Resources */,
				A6D2863523B0D2CD00E7379B /* SCDream6.otf in Resources */,
				A6D2863A23B0D2CD00E7379B /* SCDream8.otf in Resources */,
				A6D2863023B0D2CD00E7379B /* SCDream2.otf in Resources */,
				9DD73AFC23B7D0FC00E1DB97 /* DetailCategoryCollectionViewCell.xib in Resources */,
				A6D2862E23B0D2CD00E7379B /* SCDream1.otf in Resources */,
				A6E2ABBC23BA9F4100EC8E66 /* Magazine.storyboard in Resources */,
				9D7937DC23B11ED500A0CD3E /* Taste.storyboard in Resources */,
				A63C506C23B08BF60069BAFB /* Assets.xcassets in Resources */,
				9D1FCC4223B68B4C0089571B /* FilteringVC.xib in Resources */,
				A66F23FF23B6E796004B57FA /* NewSignUp.storyboard in Resources */,
				A63C506A23B08BF40069BAFB /* Main.storyboard in Resources */,
				9D5676F223B6AEC500720F06 /* CategoryCollectionViewCell.xib in Resources */,
				A6D2863923B0D2CD00E7379B /* KoPubWorldDotumPB.otf in Resources */,
			);
			runOnlyForDeploymentPostprocessing = 0;
		};
/* End PBXResourcesBuildPhase section */

/* Begin PBXShellScriptBuildPhase section */
		41C51DEFE10037A19754FD8C /* [CP] Embed Pods Frameworks */ = {
			isa = PBXShellScriptBuildPhase;
			buildActionMask = 2147483647;
			files = (
			);
			inputFileListPaths = (
				"${PODS_ROOT}/Target Support Files/Pods-Fluff_iOS/Pods-Fluff_iOS-frameworks-${CONFIGURATION}-input-files.xcfilelist",
			);
			name = "[CP] Embed Pods Frameworks";
			outputFileListPaths = (
				"${PODS_ROOT}/Target Support Files/Pods-Fluff_iOS/Pods-Fluff_iOS-frameworks-${CONFIGURATION}-output-files.xcfilelist",
			);
			runOnlyForDeploymentPostprocessing = 0;
			shellPath = /bin/sh;
			shellScript = "\"${PODS_ROOT}/Target Support Files/Pods-Fluff_iOS/Pods-Fluff_iOS-frameworks.sh\"\n";
			showEnvVarsInLog = 0;
		};
		955DA209D9999672A3D1F225 /* [CP] Check Pods Manifest.lock */ = {
			isa = PBXShellScriptBuildPhase;
			buildActionMask = 2147483647;
			files = (
			);
			inputFileListPaths = (
			);
			inputPaths = (
				"${PODS_PODFILE_DIR_PATH}/Podfile.lock",
				"${PODS_ROOT}/Manifest.lock",
			);
			name = "[CP] Check Pods Manifest.lock";
			outputFileListPaths = (
			);
			outputPaths = (
				"$(DERIVED_FILE_DIR)/Pods-Fluff_iOS-checkManifestLockResult.txt",
			);
			runOnlyForDeploymentPostprocessing = 0;
			shellPath = /bin/sh;
			shellScript = "diff \"${PODS_PODFILE_DIR_PATH}/Podfile.lock\" \"${PODS_ROOT}/Manifest.lock\" > /dev/null\nif [ $? != 0 ] ; then\n    # print error to STDERR\n    echo \"error: The sandbox is not in sync with the Podfile.lock. Run 'pod install' or update your CocoaPods installation.\" >&2\n    exit 1\nfi\n# This output is used by Xcode 'outputs' to avoid re-running this script phase.\necho \"SUCCESS\" > \"${SCRIPT_OUTPUT_FILE_0}\"\n";
			showEnvVarsInLog = 0;
		};
/* End PBXShellScriptBuildPhase section */

/* Begin PBXSourcesBuildPhase section */
		A63C505B23B08BF40069BAFB /* Sources */ = {
			isa = PBXSourcesBuildPhase;
			buildActionMask = 2147483647;
			files = (
				9D385C9423B4B81000705218 /* LikeCollectionViewCell.swift in Sources */,
				9D79380123B1795D00A0CD3E /* ShopCollectionViewCell.swift in Sources */,
				9D7937F723B1355B00A0CD3E /* NextTasteAnalysisVC.swift in Sources */,
				9DE5C98623BB40FB00D7359C /* FluvVC.swift in Sources */,
				9D70BFD323B463D40025D22C /* FollowingListVC.swift in Sources */,
				A6DF860523B1EF2F006FDE79 /* UITextField+Extensions.swift in Sources */,
				9D7937E023B11F1D00A0CD3E /* TasteCollectionViewCell.swift in Sources */,
				A6DF860323B1E5EF006FDE79 /* SignUpEmailVC.swift in Sources */,
				9D79382623B227CF00A0CD3E /* UIView+Extensions.swift in Sources */,
				A6DF861423B55AE8006FDE79 /* RecentCollectionViewCell.swift in Sources */,
				9D705A9923B8935900097FCF /* AuctionDetailVC.swift in Sources */,
				9D79382323B227CF00A0CD3E /* UIColor+Extensions.swift in Sources */,
				9DFA7FFD23B367BD0036AA50 /* MyPageTableViewCell.swift in Sources */,
				9D84B12623B9413F0019C7D4 /* CartItemCollectionViewCell.swift in Sources */,
				9DE4AAD623B9677E0095A5B3 /* WelcomeViewController.swift in Sources */,
				9D7937F323B134F300A0CD3E /* AnalysisHeaderTableViewCell.swift in Sources */,
				9D7937FB23B16E7E00A0CD3E /* MainTabbarController.swift in Sources */,
				9D468AD223B2D89800E98500 /* PurchaseViewController.swift in Sources */,
				9D79382C23B2871400A0CD3E /* DetailItemVC.swift in Sources */,
				A66F240B23B8B3C4004B57FA /* BannerIntoCollectionViewCell.swift in Sources */,
				9D5676F423B6B64D00720F06 /* FilteringCategory.swift in Sources */,
				9D705A9F23B8AB5200097FCF /* DeliveryListTableViewCell.swift in Sources */,
				A66F240123B7532C004B57FA /* NewSignUpViewController.swift in Sources */,
				9DF0EB6023BAA1B200EEC259 /* HashTagCategory.swift in Sources */,
				9D705A9D23B8AA9A00097FCF /* CheckDeliveryVC.swift in Sources */,
				A66F240F23B9045B004B57FA /* ThemeIntoVC.swift in Sources */,
				9D70BFD523B468D80025D22C /* LikeTabbarController.swift in Sources */,
				9D70BFCF23B45B320025D22C /* LikeListParentVC.swift in Sources */,
				A64C4F0723B137590066FE7F /* SignUpEmailVC.swift in Sources */,
				9D7B342E23B2B4E500F1A530 /* OtherItemDataSource.swift in Sources */,
				9D385C9A23B5416F00705218 /* AuctionCollectionViewCell.swift in Sources */,
				9D7937DE23B11F1400A0CD3E /* TasteAnalysisVC.swift in Sources */,
				A6DF861A23B66FF3006FDE79 /* TodayVintageCollectionViewCell.swift in Sources */,
				A63C506723B08BF40069BAFB /* LaunchVC.swift in Sources */,
				9D79382123B227CF00A0CD3E /* UITabBar+Extensions.swift in Sources */,
				A6E2ABBE23BB98AD00EC8E66 /* MagazineDetailVC.swift in Sources */,
				A6DF861623B61748006FDE79 /* HowFluvCollectionViewCell.swift in Sources */,
				9D84B12423B938000019C7D4 /* CartListTableViewCell.swift in Sources */,
				9D7937FD23B1751300A0CD3E /* ShoppingVC.swift in Sources */,
				9D385C9823B53CB100705218 /* AuctionVC.swift in Sources */,
				9D79381F23B227CF00A0CD3E /* UIButton+Extensions.swift in Sources */,
				9DFA7FF823B350540036AA50 /* MyPageViewController.swift in Sources */,
				9D70BFD123B463760025D22C /* LikeListTabVC.swift in Sources */,
				9DF0EB5E23BA6B3100EEC259 /* FluvApplyVC.swift in Sources */,
				A6F5434323B16AC40006FE9E /* SignUpNicknameVC.swift in Sources */,
				9D0C626D23B674BF00F31502 /* FilteringVC.swift in Sources */,
				A6F5434123B16AA20006FE9E /* SignUpPasswordVC.swift in Sources */,
				A66F241123B90FA2004B57FA /* ThemeIntoCollectionViewCell.swift in Sources */,
				9D79377C23B0C0AF00A0CD3E /* APIConstants.swift in Sources */,
				9D705A9523B7D30E00097FCF /* DetailCategoryDataSource.swift in Sources */,
				9D84B12223B920070019C7D4 /* CartVC.swift in Sources */,
				9D5676F123B6AEC500720F06 /* CategoryCollectionViewCell.swift in Sources */,
				9D79382523B227CF00A0CD3E /* NSNotificationName+Extensions.swift in Sources */,
				9DD73AF823B7B8B700E1DB97 /* AuctionDetailCollectionViewCell.swift in Sources */,
				A66F23FD23B6DCB6004B57FA /* KeywordTableViewCell.swift in Sources */,
				9DF0EB6423BADF4E00EEC259 /* SigninData.swift in Sources */,
				9DE13BD323B370580040AEB2 /* MenuCategory.swift in Sources */,
				9D705A9723B83D9E00097FCF /* ColorCategory.swift in Sources */,
				A63C506323B08BF40069BAFB /* AppDelegate.swift in Sources */,
				9D7937F923B1455400A0CD3E /* FluvCollectionViewCell.swift in Sources */,
				9D79382423B227CF00A0CD3E /* UIViewController+Extensions.swift in Sources */,
				9D79382223B227CF00A0CD3E /* UIImageView+Extensions.swift in Sources */,
				A6DF860723B28674006FDE79 /* HomeVC.swift in Sources */,
				9D705AA123B8BCE100097FCF /* MyInfoChangeVC.swift in Sources */,
				9D79377E23B0C0D400A0CD3E /* NetworkResult.swift in Sources */,
				A6DF861023B33DC9006FDE79 /* TodayCollectionViewCell.swift in Sources */,
				A6E2ABB823BA280800EC8E66 /* EndPaymentVC.swift in Sources */,
				A6E2ABBA23BA5EB500EC8E66 /* HowToPayVC.swift in Sources */,
				A6DF860B23B29567006FDE79 /* BannerCell.swift in Sources */,
				A6DF861823B6611B006FDE79 /* NowAuctionCollectionViewCell.swift in Sources */,
				A63C507D23B0A34D0069BAFB /* LoginVC.swift in Sources */,
				A66F241323B91B2B004B57FA /* ThemeIntoCollectionReusableView.swift in Sources */,
				9DD73AF623B75A2E00E1DB97 /* HomeNavigationVC.swift in Sources */,
				9DD73AFB23B7D0FC00E1DB97 /* DetailCategoryCollectionViewCell.swift in Sources */,
				9DFA7FFA23B363A00036AA50 /* CurrentProductCollectionViewCell.swift in Sources */,
				A6F5434523B16AF50006FE9E /* SignUpGenderVC.swift in Sources */,
				9DF0EB6223BAD8CC00EEC259 /* SigninService.swift in Sources */,
				9D7B343023B2B7F200F1A530 /* OtherItemCollectionViewCell.swift in Sources */,
				9D385C9623B4DA1800705218 /* FollowingTableViewCell.swift in Sources */,
				A63C506523B08BF40069BAFB /* SceneDelegate.swift in Sources */,
				A66F240D23B8BADB004B57FA /* BannerHeaderReusableView.swift in Sources */,
				9DE4AAD823BA05610095A5B3 /* AnalysisStatus.swift in Sources */,
				9D7937F523B1350C00A0CD3E /* AnalysisTableViewCell.swift in Sources */,
				9D468AD023B2BAF800E98500 /* OtherItemDelegate.swift in Sources */,
				A66F240723B8A509004B57FA /* BannerIntoVC.swift in Sources */,
				9D7B342A23B28BE000F1A530 /* DetailItemCollectionViewCell.swift in Sources */,
			);
			runOnlyForDeploymentPostprocessing = 0;
		};
/* End PBXSourcesBuildPhase section */

/* Begin PBXVariantGroup section */
		A63C506823B08BF40069BAFB /* Main.storyboard */ = {
			isa = PBXVariantGroup;
			children = (
				A63C506923B08BF40069BAFB /* Base */,
			);
			name = Main.storyboard;
			sourceTree = "<group>";
		};
		A63C506D23B08BF60069BAFB /* LaunchScreen.storyboard */ = {
			isa = PBXVariantGroup;
			children = (
				A63C506E23B08BF60069BAFB /* Base */,
			);
			name = LaunchScreen.storyboard;
			sourceTree = "<group>";
		};
/* End PBXVariantGroup section */

/* Begin XCBuildConfiguration section */
		A63C507123B08BF60069BAFB /* Debug */ = {
			isa = XCBuildConfiguration;
			buildSettings = {
				ALWAYS_SEARCH_USER_PATHS = NO;
				CLANG_ANALYZER_NONNULL = YES;
				CLANG_ANALYZER_NUMBER_OBJECT_CONVERSION = YES_AGGRESSIVE;
				CLANG_CXX_LANGUAGE_STANDARD = "gnu++14";
				CLANG_CXX_LIBRARY = "libc++";
				CLANG_ENABLE_MODULES = YES;
				CLANG_ENABLE_OBJC_ARC = YES;
				CLANG_ENABLE_OBJC_WEAK = YES;
				CLANG_WARN_BLOCK_CAPTURE_AUTORELEASING = YES;
				CLANG_WARN_BOOL_CONVERSION = YES;
				CLANG_WARN_COMMA = YES;
				CLANG_WARN_CONSTANT_CONVERSION = YES;
				CLANG_WARN_DEPRECATED_OBJC_IMPLEMENTATIONS = YES;
				CLANG_WARN_DIRECT_OBJC_ISA_USAGE = YES_ERROR;
				CLANG_WARN_DOCUMENTATION_COMMENTS = YES;
				CLANG_WARN_EMPTY_BODY = YES;
				CLANG_WARN_ENUM_CONVERSION = YES;
				CLANG_WARN_INFINITE_RECURSION = YES;
				CLANG_WARN_INT_CONVERSION = YES;
				CLANG_WARN_NON_LITERAL_NULL_CONVERSION = YES;
				CLANG_WARN_OBJC_IMPLICIT_RETAIN_SELF = YES;
				CLANG_WARN_OBJC_LITERAL_CONVERSION = YES;
				CLANG_WARN_OBJC_ROOT_CLASS = YES_ERROR;
				CLANG_WARN_RANGE_LOOP_ANALYSIS = YES;
				CLANG_WARN_STRICT_PROTOTYPES = YES;
				CLANG_WARN_SUSPICIOUS_MOVE = YES;
				CLANG_WARN_UNGUARDED_AVAILABILITY = YES_AGGRESSIVE;
				CLANG_WARN_UNREACHABLE_CODE = YES;
				CLANG_WARN__DUPLICATE_METHOD_MATCH = YES;
				COPY_PHASE_STRIP = NO;
				DEBUG_INFORMATION_FORMAT = dwarf;
				ENABLE_STRICT_OBJC_MSGSEND = YES;
				ENABLE_TESTABILITY = YES;
				GCC_C_LANGUAGE_STANDARD = gnu11;
				GCC_DYNAMIC_NO_PIC = NO;
				GCC_NO_COMMON_BLOCKS = YES;
				GCC_OPTIMIZATION_LEVEL = 0;
				GCC_PREPROCESSOR_DEFINITIONS = (
					"DEBUG=1",
					"$(inherited)",
				);
				GCC_WARN_64_TO_32_BIT_CONVERSION = YES;
				GCC_WARN_ABOUT_RETURN_TYPE = YES_ERROR;
				GCC_WARN_UNDECLARED_SELECTOR = YES;
				GCC_WARN_UNINITIALIZED_AUTOS = YES_AGGRESSIVE;
				GCC_WARN_UNUSED_FUNCTION = YES;
				GCC_WARN_UNUSED_VARIABLE = YES;
				IPHONEOS_DEPLOYMENT_TARGET = 13.2;
				MTL_ENABLE_DEBUG_INFO = INCLUDE_SOURCE;
				MTL_FAST_MATH = YES;
				ONLY_ACTIVE_ARCH = YES;
				SDKROOT = iphoneos;
				SWIFT_ACTIVE_COMPILATION_CONDITIONS = DEBUG;
				SWIFT_OPTIMIZATION_LEVEL = "-Onone";
			};
			name = Debug;
		};
		A63C507223B08BF60069BAFB /* Release */ = {
			isa = XCBuildConfiguration;
			buildSettings = {
				ALWAYS_SEARCH_USER_PATHS = NO;
				CLANG_ANALYZER_NONNULL = YES;
				CLANG_ANALYZER_NUMBER_OBJECT_CONVERSION = YES_AGGRESSIVE;
				CLANG_CXX_LANGUAGE_STANDARD = "gnu++14";
				CLANG_CXX_LIBRARY = "libc++";
				CLANG_ENABLE_MODULES = YES;
				CLANG_ENABLE_OBJC_ARC = YES;
				CLANG_ENABLE_OBJC_WEAK = YES;
				CLANG_WARN_BLOCK_CAPTURE_AUTORELEASING = YES;
				CLANG_WARN_BOOL_CONVERSION = YES;
				CLANG_WARN_COMMA = YES;
				CLANG_WARN_CONSTANT_CONVERSION = YES;
				CLANG_WARN_DEPRECATED_OBJC_IMPLEMENTATIONS = YES;
				CLANG_WARN_DIRECT_OBJC_ISA_USAGE = YES_ERROR;
				CLANG_WARN_DOCUMENTATION_COMMENTS = YES;
				CLANG_WARN_EMPTY_BODY = YES;
				CLANG_WARN_ENUM_CONVERSION = YES;
				CLANG_WARN_INFINITE_RECURSION = YES;
				CLANG_WARN_INT_CONVERSION = YES;
				CLANG_WARN_NON_LITERAL_NULL_CONVERSION = YES;
				CLANG_WARN_OBJC_IMPLICIT_RETAIN_SELF = YES;
				CLANG_WARN_OBJC_LITERAL_CONVERSION = YES;
				CLANG_WARN_OBJC_ROOT_CLASS = YES_ERROR;
				CLANG_WARN_RANGE_LOOP_ANALYSIS = YES;
				CLANG_WARN_STRICT_PROTOTYPES = YES;
				CLANG_WARN_SUSPICIOUS_MOVE = YES;
				CLANG_WARN_UNGUARDED_AVAILABILITY = YES_AGGRESSIVE;
				CLANG_WARN_UNREACHABLE_CODE = YES;
				CLANG_WARN__DUPLICATE_METHOD_MATCH = YES;
				COPY_PHASE_STRIP = NO;
				DEBUG_INFORMATION_FORMAT = "dwarf-with-dsym";
				ENABLE_NS_ASSERTIONS = NO;
				ENABLE_STRICT_OBJC_MSGSEND = YES;
				GCC_C_LANGUAGE_STANDARD = gnu11;
				GCC_NO_COMMON_BLOCKS = YES;
				GCC_WARN_64_TO_32_BIT_CONVERSION = YES;
				GCC_WARN_ABOUT_RETURN_TYPE = YES_ERROR;
				GCC_WARN_UNDECLARED_SELECTOR = YES;
				GCC_WARN_UNINITIALIZED_AUTOS = YES_AGGRESSIVE;
				GCC_WARN_UNUSED_FUNCTION = YES;
				GCC_WARN_UNUSED_VARIABLE = YES;
				IPHONEOS_DEPLOYMENT_TARGET = 13.2;
				MTL_ENABLE_DEBUG_INFO = NO;
				MTL_FAST_MATH = YES;
				SDKROOT = iphoneos;
				SWIFT_COMPILATION_MODE = wholemodule;
				SWIFT_OPTIMIZATION_LEVEL = "-O";
				VALIDATE_PRODUCT = YES;
			};
			name = Release;
		};
		A63C507423B08BF60069BAFB /* Debug */ = {
			isa = XCBuildConfiguration;
			baseConfigurationReference = 5EE6AEDF89FB3A9A89FFCD46 /* Pods-Fluff_iOS.debug.xcconfig */;
			buildSettings = {
				ASSETCATALOG_COMPILER_APPICON_NAME = AppIcon;
				CODE_SIGN_STYLE = Automatic;
				DEVELOPMENT_TEAM = AKW8XUH283;
				INFOPLIST_FILE = Fluff_iOS/Info.plist;
				LD_RUNPATH_SEARCH_PATHS = (
					"$(inherited)",
					"@executable_path/Frameworks",
				);
				NEW_SETTING = "";
				PRODUCT_BUNDLE_IDENTIFIER = "Fluff-Project.Fluff-iOS";
				PRODUCT_NAME = "$(TARGET_NAME)";
				SWIFT_VERSION = 5.0;
				TARGETED_DEVICE_FAMILY = "1,2";
			};
			name = Debug;
		};
		A63C507523B08BF60069BAFB /* Release */ = {
			isa = XCBuildConfiguration;
			baseConfigurationReference = 10DBC2AAADF3EADBBB9EF552 /* Pods-Fluff_iOS.release.xcconfig */;
			buildSettings = {
				ASSETCATALOG_COMPILER_APPICON_NAME = AppIcon;
				CODE_SIGN_STYLE = Automatic;
				DEVELOPMENT_TEAM = AKW8XUH283;
				INFOPLIST_FILE = Fluff_iOS/Info.plist;
				LD_RUNPATH_SEARCH_PATHS = (
					"$(inherited)",
					"@executable_path/Frameworks",
				);
				NEW_SETTING = "";
				PRODUCT_BUNDLE_IDENTIFIER = "Fluff-Project.Fluff-iOS";
				PRODUCT_NAME = "$(TARGET_NAME)";
				SWIFT_VERSION = 5.0;
				TARGETED_DEVICE_FAMILY = "1,2";
			};
			name = Release;
		};
/* End XCBuildConfiguration section */

/* Begin XCConfigurationList section */
		A63C505A23B08BF40069BAFB /* Build configuration list for PBXProject "Fluff_iOS" */ = {
			isa = XCConfigurationList;
			buildConfigurations = (
				A63C507123B08BF60069BAFB /* Debug */,
				A63C507223B08BF60069BAFB /* Release */,
			);
			defaultConfigurationIsVisible = 0;
			defaultConfigurationName = Release;
		};
		A63C507323B08BF60069BAFB /* Build configuration list for PBXNativeTarget "Fluff_iOS" */ = {
			isa = XCConfigurationList;
			buildConfigurations = (
				A63C507423B08BF60069BAFB /* Debug */,
				A63C507523B08BF60069BAFB /* Release */,
			);
			defaultConfigurationIsVisible = 0;
			defaultConfigurationName = Release;
		};
/* End XCConfigurationList section */
	};
	rootObject = A63C505723B08BF40069BAFB /* Project object */;
}
