// !$*UTF8*$!
{
	archiveVersion = 1;
	classes = {
	};
	objectVersion = 51;
	objects = {

/* Begin PBXBuildFile section */
		74462B3E2167A2E6A4D4AA42 /* Pods_Fluff_iOS.framework in Frameworks */ = {isa = PBXBuildFile; fileRef = 9BF02802D950D16EF5D771EC /* Pods_Fluff_iOS.framework */; };
		9D79377C23B0C0AF00A0CD3E /* APIConstants.swift in Sources */ = {isa = PBXBuildFile; fileRef = 9D79377B23B0C0AF00A0CD3E /* APIConstants.swift */; };
		9D79377E23B0C0D400A0CD3E /* NetworkResult.swift in Sources */ = {isa = PBXBuildFile; fileRef = 9D79377D23B0C0D400A0CD3E /* NetworkResult.swift */; };

		9D7937D323B11EB500A0CD3E /* UIViewController+Extensions.swift in Sources */ = {isa = PBXBuildFile; fileRef = 9D7937CB23B11EB400A0CD3E /* UIViewController+Extensions.swift */; };
		9D7937D423B11EB500A0CD3E /* NSNotificationName+Extensions.swift in Sources */ = {isa = PBXBuildFile; fileRef = 9D7937CC23B11EB500A0CD3E /* NSNotificationName+Extensions.swift */; };
		9D7937D523B11EB500A0CD3E /* UIView+Extensions.swift in Sources */ = {isa = PBXBuildFile; fileRef = 9D7937CD23B11EB500A0CD3E /* UIView+Extensions.swift */; };
		9D7937D623B11EB500A0CD3E /* UIColor+Extensions.swift in Sources */ = {isa = PBXBuildFile; fileRef = 9D7937CE23B11EB500A0CD3E /* UIColor+Extensions.swift */; };
		9D7937D723B11EB500A0CD3E /* UIButton+Extensions.swift in Sources */ = {isa = PBXBuildFile; fileRef = 9D7937CF23B11EB500A0CD3E /* UIButton+Extensions.swift */; };
		9D7937D823B11EB500A0CD3E /* UITabBar+Extensions.swift in Sources */ = {isa = PBXBuildFile; fileRef = 9D7937D023B11EB500A0CD3E /* UITabBar+Extensions.swift */; };
		9D7937D923B11EB500A0CD3E /* UIImageView+Extensions.swift in Sources */ = {isa = PBXBuildFile; fileRef = 9D7937D123B11EB500A0CD3E /* UIImageView+Extensions.swift */; };
		9D7937DA23B11EB500A0CD3E /* UINavigationBar+Extensions.swift in Sources */ = {isa = PBXBuildFile; fileRef = 9D7937D223B11EB500A0CD3E /* UINavigationBar+Extensions.swift */; };
		9D7937DC23B11ED500A0CD3E /* Taste.storyboard in Resources */ = {isa = PBXBuildFile; fileRef = 9D7937DB23B11ED500A0CD3E /* Taste.storyboard */; };
		9D7937DE23B11F1400A0CD3E /* TasteAnalysisVC.swift in Sources */ = {isa = PBXBuildFile; fileRef = 9D7937DD23B11F1400A0CD3E /* TasteAnalysisVC.swift */; };
		9D7937E023B11F1D00A0CD3E /* TasteCollectionViewCell.swift in Sources */ = {isa = PBXBuildFile; fileRef = 9D7937DF23B11F1D00A0CD3E /* TasteCollectionViewCell.swift */; };


		A63C506323B08BF40069BAFB /* AppDelegate.swift in Sources */ = {isa = PBXBuildFile; fileRef = A63C506223B08BF40069BAFB /* AppDelegate.swift */; };
		A63C506523B08BF40069BAFB /* SceneDelegate.swift in Sources */ = {isa = PBXBuildFile; fileRef = A63C506423B08BF40069BAFB /* SceneDelegate.swift */; };
		A63C506723B08BF40069BAFB /* LaunchVC.swift in Sources */ = {isa = PBXBuildFile; fileRef = A63C506623B08BF40069BAFB /* LaunchVC.swift */; };
		A63C506A23B08BF40069BAFB /* Main.storyboard in Resources */ = {isa = PBXBuildFile; fileRef = A63C506823B08BF40069BAFB /* Main.storyboard */; };
		A63C506C23B08BF60069BAFB /* Assets.xcassets in Resources */ = {isa = PBXBuildFile; fileRef = A63C506B23B08BF60069BAFB /* Assets.xcassets */; };
		A63C506F23B08BF60069BAFB /* LaunchScreen.storyboard in Resources */ = {isa = PBXBuildFile; fileRef = A63C506D23B08BF60069BAFB /* LaunchScreen.storyboard */; };
		A63C507D23B0A34D0069BAFB /* LoginVC.swift in Sources */ = {isa = PBXBuildFile; fileRef = A63C507C23B0A34D0069BAFB /* LoginVC.swift */; };
		A64C4EFA23B0FDED0066FE7F /* UINavigationBar+Extensions.swift in Sources */ = {isa = PBXBuildFile; fileRef = A64C4EF223B0FDED0066FE7F /* UINavigationBar+Extensions.swift */; };
		A64C4EFB23B0FDED0066FE7F /* UIColor+Extensions.swift in Sources */ = {isa = PBXBuildFile; fileRef = A64C4EF323B0FDED0066FE7F /* UIColor+Extensions.swift */; };
		A64C4EFC23B0FDED0066FE7F /* UIImageView+Extensions.swift in Sources */ = {isa = PBXBuildFile; fileRef = A64C4EF423B0FDED0066FE7F /* UIImageView+Extensions.swift */; };
		A64C4EFD23B0FDED0066FE7F /* UIViewController+Extensions.swift in Sources */ = {isa = PBXBuildFile; fileRef = A64C4EF523B0FDED0066FE7F /* UIViewController+Extensions.swift */; };
		A64C4EFE23B0FDED0066FE7F /* UITabBar+Extensions.swift in Sources */ = {isa = PBXBuildFile; fileRef = A64C4EF623B0FDED0066FE7F /* UITabBar+Extensions.swift */; };
		A64C4EFF23B0FDED0066FE7F /* UIButton+Extensions.swift in Sources */ = {isa = PBXBuildFile; fileRef = A64C4EF723B0FDED0066FE7F /* UIButton+Extensions.swift */; };
		A64C4F0023B0FDED0066FE7F /* UIView+Extensions.swift in Sources */ = {isa = PBXBuildFile; fileRef = A64C4EF823B0FDED0066FE7F /* UIView+Extensions.swift */; };
		A64C4F0123B0FDED0066FE7F /* NSNotificationName+Extensions.swift in Sources */ = {isa = PBXBuildFile; fileRef = A64C4EF923B0FDED0066FE7F /* NSNotificationName+Extensions.swift */; };
		A6D2862D23B0D2CD00E7379B /* SCDream9.otf in Resources */ = {isa = PBXBuildFile; fileRef = A6D2861E23B0D2CD00E7379B /* SCDream9.otf */; };
		A6D2862E23B0D2CD00E7379B /* SCDream1.otf in Resources */ = {isa = PBXBuildFile; fileRef = A6D2861F23B0D2CD00E7379B /* SCDream1.otf */; };
		A6D2863023B0D2CD00E7379B /* SCDream2.otf in Resources */ = {isa = PBXBuildFile; fileRef = A6D2862123B0D2CD00E7379B /* SCDream2.otf */; };
		A6D2863123B0D2CD00E7379B /* KoPubWorld Batang_Pro Medium.otf in Resources */ = {isa = PBXBuildFile; fileRef = A6D2862223B0D2CD00E7379B /* KoPubWorld Batang_Pro Medium.otf */; };
		A6D2863223B0D2CD00E7379B /* SCDream4.otf in Resources */ = {isa = PBXBuildFile; fileRef = A6D2862323B0D2CD00E7379B /* SCDream4.otf */; };
		A6D2863323B0D2CD00E7379B /* KoPubWorld Batang_Pro Bold.otf in Resources */ = {isa = PBXBuildFile; fileRef = A6D2862423B0D2CD00E7379B /* KoPubWorld Batang_Pro Bold.otf */; };
		A6D2863423B0D2CD00E7379B /* SCDream5.otf in Resources */ = {isa = PBXBuildFile; fileRef = A6D2862523B0D2CD00E7379B /* SCDream5.otf */; };
		A6D2863523B0D2CD00E7379B /* SCDream6.otf in Resources */ = {isa = PBXBuildFile; fileRef = A6D2862623B0D2CD00E7379B /* SCDream6.otf */; };
		A6D2863623B0D2CD00E7379B /* SCDream7.otf in Resources */ = {isa = PBXBuildFile; fileRef = A6D2862723B0D2CD00E7379B /* SCDream7.otf */; };
		A6D2863723B0D2CD00E7379B /* KoPubWorld Batang_Pro Light.otf in Resources */ = {isa = PBXBuildFile; fileRef = A6D2862823B0D2CD00E7379B /* KoPubWorld Batang_Pro Light.otf */; };
		A6D2863823B0D2CD00E7379B /* SCDream3.otf in Resources */ = {isa = PBXBuildFile; fileRef = A6D2862923B0D2CD00E7379B /* SCDream3.otf */; };
		A6D2863923B0D2CD00E7379B /* KoPubWorld Dotum_Pro Bold.otf in Resources */ = {isa = PBXBuildFile; fileRef = A6D2862A23B0D2CD00E7379B /* KoPubWorld Dotum_Pro Bold.otf */; };
		A6D2863A23B0D2CD00E7379B /* SCDream8.otf in Resources */ = {isa = PBXBuildFile; fileRef = A6D2862B23B0D2CD00E7379B /* SCDream8.otf */; };
		A6D2863D23B0DAB500E7379B /* KoPubWorld Dotum_Pro Medium.otf in Resources */ = {isa = PBXBuildFile; fileRef = A6D2863B23B0DAB500E7379B /* KoPubWorld Dotum_Pro Medium.otf */; };
		A6D2863E23B0DAB500E7379B /* KoPubWorld Dotum_Pro Light.otf in Resources */ = {isa = PBXBuildFile; fileRef = A6D2863C23B0DAB500E7379B /* KoPubWorld Dotum_Pro Light.otf */; };
/* End PBXBuildFile section */

/* Begin PBXFileReference section */
		10DBC2AAADF3EADBBB9EF552 /* Pods-Fluff_iOS.release.xcconfig */ = {isa = PBXFileReference; includeInIndex = 1; lastKnownFileType = text.xcconfig; name = "Pods-Fluff_iOS.release.xcconfig"; path = "Target Support Files/Pods-Fluff_iOS/Pods-Fluff_iOS.release.xcconfig"; sourceTree = "<group>"; };
		5EE6AEDF89FB3A9A89FFCD46 /* Pods-Fluff_iOS.debug.xcconfig */ = {isa = PBXFileReference; includeInIndex = 1; lastKnownFileType = text.xcconfig; name = "Pods-Fluff_iOS.debug.xcconfig"; path = "Target Support Files/Pods-Fluff_iOS/Pods-Fluff_iOS.debug.xcconfig"; sourceTree = "<group>"; };
		9BF02802D950D16EF5D771EC /* Pods_Fluff_iOS.framework */ = {isa = PBXFileReference; explicitFileType = wrapper.framework; includeInIndex = 0; path = Pods_Fluff_iOS.framework; sourceTree = BUILT_PRODUCTS_DIR; };
		9D79377B23B0C0AF00A0CD3E /* APIConstants.swift */ = {isa = PBXFileReference; lastKnownFileType = sourcecode.swift; path = APIConstants.swift; sourceTree = "<group>"; };
		9D79377D23B0C0D400A0CD3E /* NetworkResult.swift */ = {isa = PBXFileReference; lastKnownFileType = sourcecode.swift; path = NetworkResult.swift; sourceTree = "<group>"; };

		9D7937CB23B11EB400A0CD3E /* UIViewController+Extensions.swift */ = {isa = PBXFileReference; fileEncoding = 4; lastKnownFileType = sourcecode.swift; path = "UIViewController+Extensions.swift"; sourceTree = "<group>"; };
		9D7937CC23B11EB500A0CD3E /* NSNotificationName+Extensions.swift */ = {isa = PBXFileReference; fileEncoding = 4; lastKnownFileType = sourcecode.swift; path = "NSNotificationName+Extensions.swift"; sourceTree = "<group>"; };
		9D7937CD23B11EB500A0CD3E /* UIView+Extensions.swift */ = {isa = PBXFileReference; fileEncoding = 4; lastKnownFileType = sourcecode.swift; path = "UIView+Extensions.swift"; sourceTree = "<group>"; };
		9D7937CE23B11EB500A0CD3E /* UIColor+Extensions.swift */ = {isa = PBXFileReference; fileEncoding = 4; lastKnownFileType = sourcecode.swift; path = "UIColor+Extensions.swift"; sourceTree = "<group>"; };
		9D7937CF23B11EB500A0CD3E /* UIButton+Extensions.swift */ = {isa = PBXFileReference; fileEncoding = 4; lastKnownFileType = sourcecode.swift; path = "UIButton+Extensions.swift"; sourceTree = "<group>"; };
		9D7937D023B11EB500A0CD3E /* UITabBar+Extensions.swift */ = {isa = PBXFileReference; fileEncoding = 4; lastKnownFileType = sourcecode.swift; path = "UITabBar+Extensions.swift"; sourceTree = "<group>"; };
		9D7937D123B11EB500A0CD3E /* UIImageView+Extensions.swift */ = {isa = PBXFileReference; fileEncoding = 4; lastKnownFileType = sourcecode.swift; path = "UIImageView+Extensions.swift"; sourceTree = "<group>"; };
		9D7937D223B11EB500A0CD3E /* UINavigationBar+Extensions.swift */ = {isa = PBXFileReference; fileEncoding = 4; lastKnownFileType = sourcecode.swift; path = "UINavigationBar+Extensions.swift"; sourceTree = "<group>"; };
		9D7937DB23B11ED500A0CD3E /* Taste.storyboard */ = {isa = PBXFileReference; lastKnownFileType = file.storyboard; path = Taste.storyboard; sourceTree = "<group>"; };
		9D7937DD23B11F1400A0CD3E /* TasteAnalysisVC.swift */ = {isa = PBXFileReference; fileEncoding = 4; lastKnownFileType = sourcecode.swift; path = TasteAnalysisVC.swift; sourceTree = "<group>"; };
		9D7937DF23B11F1D00A0CD3E /* TasteCollectionViewCell.swift */ = {isa = PBXFileReference; fileEncoding = 4; lastKnownFileType = sourcecode.swift; path = TasteCollectionViewCell.swift; sourceTree = "<group>"; };

		A63C505F23B08BF40069BAFB /* Fluff_iOS.app */ = {isa = PBXFileReference; explicitFileType = wrapper.application; includeInIndex = 0; path = Fluff_iOS.app; sourceTree = BUILT_PRODUCTS_DIR; };
		A63C506223B08BF40069BAFB /* AppDelegate.swift */ = {isa = PBXFileReference; lastKnownFileType = sourcecode.swift; path = AppDelegate.swift; sourceTree = "<group>"; };
		A63C506423B08BF40069BAFB /* SceneDelegate.swift */ = {isa = PBXFileReference; lastKnownFileType = sourcecode.swift; path = SceneDelegate.swift; sourceTree = "<group>"; };
		A63C506623B08BF40069BAFB /* LaunchVC.swift */ = {isa = PBXFileReference; lastKnownFileType = sourcecode.swift; path = LaunchVC.swift; sourceTree = "<group>"; };
		A63C506923B08BF40069BAFB /* Base */ = {isa = PBXFileReference; lastKnownFileType = file.storyboard; name = Base; path = Base.lproj/Main.storyboard; sourceTree = "<group>"; };
		A63C506B23B08BF60069BAFB /* Assets.xcassets */ = {isa = PBXFileReference; lastKnownFileType = folder.assetcatalog; path = Assets.xcassets; sourceTree = "<group>"; };
		A63C506E23B08BF60069BAFB /* Base */ = {isa = PBXFileReference; lastKnownFileType = file.storyboard; name = Base; path = Base.lproj/LaunchScreen.storyboard; sourceTree = "<group>"; };
		A63C507023B08BF60069BAFB /* Info.plist */ = {isa = PBXFileReference; lastKnownFileType = text.plist.xml; path = Info.plist; sourceTree = "<group>"; };
		A63C507C23B0A34D0069BAFB /* LoginVC.swift */ = {isa = PBXFileReference; lastKnownFileType = sourcecode.swift; path = LoginVC.swift; sourceTree = "<group>"; };
		A64C4EF223B0FDED0066FE7F /* UINavigationBar+Extensions.swift */ = {isa = PBXFileReference; fileEncoding = 4; lastKnownFileType = sourcecode.swift; name = "UINavigationBar+Extensions.swift"; path = "../../../../../../Downloads/아카이브/UINavigationBar+Extensions.swift"; sourceTree = "<group>"; };
		A64C4EF323B0FDED0066FE7F /* UIColor+Extensions.swift */ = {isa = PBXFileReference; fileEncoding = 4; lastKnownFileType = sourcecode.swift; name = "UIColor+Extensions.swift"; path = "../../../../../../Downloads/아카이브/UIColor+Extensions.swift"; sourceTree = "<group>"; };
		A64C4EF423B0FDED0066FE7F /* UIImageView+Extensions.swift */ = {isa = PBXFileReference; fileEncoding = 4; lastKnownFileType = sourcecode.swift; name = "UIImageView+Extensions.swift"; path = "../../../../../../Downloads/아카이브/UIImageView+Extensions.swift"; sourceTree = "<group>"; };
		A64C4EF523B0FDED0066FE7F /* UIViewController+Extensions.swift */ = {isa = PBXFileReference; fileEncoding = 4; lastKnownFileType = sourcecode.swift; name = "UIViewController+Extensions.swift"; path = "../../../../../../Downloads/아카이브/UIViewController+Extensions.swift"; sourceTree = "<group>"; };
		A64C4EF623B0FDED0066FE7F /* UITabBar+Extensions.swift */ = {isa = PBXFileReference; fileEncoding = 4; lastKnownFileType = sourcecode.swift; name = "UITabBar+Extensions.swift"; path = "../../../../../../Downloads/아카이브/UITabBar+Extensions.swift"; sourceTree = "<group>"; };
		A64C4EF723B0FDED0066FE7F /* UIButton+Extensions.swift */ = {isa = PBXFileReference; fileEncoding = 4; lastKnownFileType = sourcecode.swift; name = "UIButton+Extensions.swift"; path = "../../../../../../Downloads/아카이브/UIButton+Extensions.swift"; sourceTree = "<group>"; };
		A64C4EF823B0FDED0066FE7F /* UIView+Extensions.swift */ = {isa = PBXFileReference; fileEncoding = 4; lastKnownFileType = sourcecode.swift; name = "UIView+Extensions.swift"; path = "../../../../../../Downloads/아카이브/UIView+Extensions.swift"; sourceTree = "<group>"; };
		A64C4EF923B0FDED0066FE7F /* NSNotificationName+Extensions.swift */ = {isa = PBXFileReference; fileEncoding = 4; lastKnownFileType = sourcecode.swift; name = "NSNotificationName+Extensions.swift"; path = "../../../../../../Downloads/아카이브/NSNotificationName+Extensions.swift"; sourceTree = "<group>"; };
		A6D2861E23B0D2CD00E7379B /* SCDream9.otf */ = {isa = PBXFileReference; lastKnownFileType = file; path = SCDream9.otf; sourceTree = "<group>"; };
		A6D2861F23B0D2CD00E7379B /* SCDream1.otf */ = {isa = PBXFileReference; lastKnownFileType = file; path = SCDream1.otf; sourceTree = "<group>"; };
		A6D2862123B0D2CD00E7379B /* SCDream2.otf */ = {isa = PBXFileReference; lastKnownFileType = file; path = SCDream2.otf; sourceTree = "<group>"; };
		A6D2862223B0D2CD00E7379B /* KoPubWorld Batang_Pro Medium.otf */ = {isa = PBXFileReference; lastKnownFileType = file; path = "KoPubWorld Batang_Pro Medium.otf"; sourceTree = "<group>"; };
		A6D2862323B0D2CD00E7379B /* SCDream4.otf */ = {isa = PBXFileReference; lastKnownFileType = file; path = SCDream4.otf; sourceTree = "<group>"; };
		A6D2862423B0D2CD00E7379B /* KoPubWorld Batang_Pro Bold.otf */ = {isa = PBXFileReference; lastKnownFileType = file; path = "KoPubWorld Batang_Pro Bold.otf"; sourceTree = "<group>"; };
		A6D2862523B0D2CD00E7379B /* SCDream5.otf */ = {isa = PBXFileReference; lastKnownFileType = file; path = SCDream5.otf; sourceTree = "<group>"; };
		A6D2862623B0D2CD00E7379B /* SCDream6.otf */ = {isa = PBXFileReference; lastKnownFileType = file; path = SCDream6.otf; sourceTree = "<group>"; };
		A6D2862723B0D2CD00E7379B /* SCDream7.otf */ = {isa = PBXFileReference; lastKnownFileType = file; path = SCDream7.otf; sourceTree = "<group>"; };
		A6D2862823B0D2CD00E7379B /* KoPubWorld Batang_Pro Light.otf */ = {isa = PBXFileReference; lastKnownFileType = file; path = "KoPubWorld Batang_Pro Light.otf"; sourceTree = "<group>"; };
		A6D2862923B0D2CD00E7379B /* SCDream3.otf */ = {isa = PBXFileReference; lastKnownFileType = file; path = SCDream3.otf; sourceTree = "<group>"; };
		A6D2862A23B0D2CD00E7379B /* KoPubWorld Dotum_Pro Bold.otf */ = {isa = PBXFileReference; lastKnownFileType = file; path = "KoPubWorld Dotum_Pro Bold.otf"; sourceTree = "<group>"; };
		A6D2862B23B0D2CD00E7379B /* SCDream8.otf */ = {isa = PBXFileReference; lastKnownFileType = file; path = SCDream8.otf; sourceTree = "<group>"; };
		A6D2863B23B0DAB500E7379B /* KoPubWorld Dotum_Pro Medium.otf */ = {isa = PBXFileReference; lastKnownFileType = file; path = "KoPubWorld Dotum_Pro Medium.otf"; sourceTree = "<group>"; };
		A6D2863C23B0DAB500E7379B /* KoPubWorld Dotum_Pro Light.otf */ = {isa = PBXFileReference; lastKnownFileType = file; path = "KoPubWorld Dotum_Pro Light.otf"; sourceTree = "<group>"; };
/* End PBXFileReference section */

/* Begin PBXFrameworksBuildPhase section */
		A63C505C23B08BF40069BAFB /* Frameworks */ = {
			isa = PBXFrameworksBuildPhase;
			buildActionMask = 2147483647;
			files = (
				74462B3E2167A2E6A4D4AA42 /* Pods_Fluff_iOS.framework in Frameworks */,
			);
			runOnlyForDeploymentPostprocessing = 0;
		};
/* End PBXFrameworksBuildPhase section */

/* Begin PBXGroup section */
		212E0C894F17578854A222CA /* Frameworks */ = {
			isa = PBXGroup;
			children = (
				9BF02802D950D16EF5D771EC /* Pods_Fluff_iOS.framework */,
			);
			name = Frameworks;
			sourceTree = "<group>";
		};
		351106D8536B0744B4565414 /* Pods */ = {
			isa = PBXGroup;
			children = (
				5EE6AEDF89FB3A9A89FFCD46 /* Pods-Fluff_iOS.debug.xcconfig */,
				10DBC2AAADF3EADBBB9EF552 /* Pods-Fluff_iOS.release.xcconfig */,
			);
			path = Pods;
			sourceTree = "<group>";
		};
		9D79377A23B0C09300A0CD3E /* APIService */ = {
			isa = PBXGroup;
			children = (
				9D79377B23B0C0AF00A0CD3E /* APIConstants.swift */,
				9D79377D23B0C0D400A0CD3E /* NetworkResult.swift */,
			);
			path = APIService;
			sourceTree = "<group>";
		};
		9D79377F23B0C0FE00A0CD3E /* Nibs */ = {
			isa = PBXGroup;
			children = (
			);
			path = Nibs;
			sourceTree = "<group>";
		};

		9D79378023B0C14300A0CD3E /* Extensions */ = {
			isa = PBXGroup;
			children = (
				9D7937CC23B11EB500A0CD3E /* NSNotificationName+Extensions.swift */,
				9D7937CF23B11EB500A0CD3E /* UIButton+Extensions.swift */,
				9D7937CE23B11EB500A0CD3E /* UIColor+Extensions.swift */,
				9D7937D123B11EB500A0CD3E /* UIImageView+Extensions.swift */,
				9D7937D223B11EB500A0CD3E /* UINavigationBar+Extensions.swift */,
				9D7937D023B11EB500A0CD3E /* UITabBar+Extensions.swift */,
				9D7937CD23B11EB500A0CD3E /* UIView+Extensions.swift */,
				9D7937CB23B11EB400A0CD3E /* UIViewController+Extensions.swift */,
			);
			path = Extensions;
			sourceTree = "<group>";
		};


		9D79379123B0C17B00A0CD3E /* Models */ = {
			isa = PBXGroup;
			children = (
			);
			path = Models;
			sourceTree = "<group>";
		};
		9D79379223B0C18000A0CD3E /* Views */ = {
			isa = PBXGroup;
			children = (
			);
			path = Views;
			sourceTree = "<group>";
		};
		9D79379423B0C1AF00A0CD3E /* CollectionView */ = {
			isa = PBXGroup;
			children = (
				9D7937DF23B11F1D00A0CD3E /* TasteCollectionViewCell.swift */,
			);
			path = CollectionView;
			sourceTree = "<group>";
		};
		A63C505623B08BF40069BAFB = {
			isa = PBXGroup;
			children = (
				A63C506123B08BF40069BAFB /* Fluff_iOS */,
				A63C506023B08BF40069BAFB /* Products */,
				351106D8536B0744B4565414 /* Pods */,
				212E0C894F17578854A222CA /* Frameworks */,
			);
			sourceTree = "<group>";
		};
		A63C506023B08BF40069BAFB /* Products */ = {
			isa = PBXGroup;
			children = (
				A63C505F23B08BF40069BAFB /* Fluff_iOS.app */,
			);
			name = Products;
			sourceTree = "<group>";
		};
		A63C506123B08BF40069BAFB /* Fluff_iOS */ = {
			isa = PBXGroup;
			children = (
				A63C507623B08BFC0069BAFB /* Resources */,
				A63C506B23B08BF60069BAFB /* Assets.xcassets */,
				A63C507723B08C070069BAFB /* Sources */,
				A63C507023B08BF60069BAFB /* Info.plist */,
			);
			path = Fluff_iOS;
			sourceTree = "<group>";
		};
		A63C507623B08BFC0069BAFB /* Resources */ = {
			isa = PBXGroup;
			children = (
				A6D285FE23B0CED800E7379B /* Fonts */,
				9D79377A23B0C09300A0CD3E /* APIService */,
				A63C507923B08CAA0069BAFB /* Storyboards */,
				9D79377F23B0C0FE00A0CD3E /* Nibs */,
			);
			path = Resources;
			sourceTree = "<group>";
		};
		A63C507723B08C070069BAFB /* Sources */ = {
			isa = PBXGroup;
			children = (
				A64C4EF123B0FDBD0066FE7F /* Extensions */,
				A63C507823B08C2C0069BAFB /* ViewControllers */,
				9D79379223B0C18000A0CD3E /* Views */,
				9D79379123B0C17B00A0CD3E /* Models */,
				9D79379423B0C1AF00A0CD3E /* CollectionView */,
				A63C506223B08BF40069BAFB /* AppDelegate.swift */,
				A63C506423B08BF40069BAFB /* SceneDelegate.swift */,
			);
			path = Sources;
			sourceTree = "<group>";
		};
		A63C507823B08C2C0069BAFB /* ViewControllers */ = {
			isa = PBXGroup;
			children = (
				A63C507C23B0A34D0069BAFB /* LoginVC.swift */,
				A63C506623B08BF40069BAFB /* LaunchVC.swift */,
				9D7937DD23B11F1400A0CD3E /* TasteAnalysisVC.swift */,
			);
			path = ViewControllers;
			sourceTree = "<group>";
		};
		A63C507923B08CAA0069BAFB /* Storyboards */ = {
			isa = PBXGroup;
			children = (
				A63C506823B08BF40069BAFB /* Main.storyboard */,
				A63C506D23B08BF60069BAFB /* LaunchScreen.storyboard */,
				9D7937DB23B11ED500A0CD3E /* Taste.storyboard */,
			);
			path = Storyboards;
			sourceTree = "<group>";
		};
		A64C4EF123B0FDBD0066FE7F /* Extensions */ = {
			isa = PBXGroup;
			children = (
				A64C4EF923B0FDED0066FE7F /* NSNotificationName+Extensions.swift */,
				A64C4EF723B0FDED0066FE7F /* UIButton+Extensions.swift */,
				A64C4EF323B0FDED0066FE7F /* UIColor+Extensions.swift */,
				A64C4EF423B0FDED0066FE7F /* UIImageView+Extensions.swift */,
				A64C4EF223B0FDED0066FE7F /* UINavigationBar+Extensions.swift */,
				A64C4EF623B0FDED0066FE7F /* UITabBar+Extensions.swift */,
				A64C4EF823B0FDED0066FE7F /* UIView+Extensions.swift */,
				A64C4EF523B0FDED0066FE7F /* UIViewController+Extensions.swift */,
			);
			path = Extensions;
			sourceTree = "<group>";
		};
		A6D285FE23B0CED800E7379B /* Fonts */ = {
			isa = PBXGroup;
			children = (
				A6D2862423B0D2CD00E7379B /* KoPubWorld Batang_Pro Bold.otf */,
				A6D2862823B0D2CD00E7379B /* KoPubWorld Batang_Pro Light.otf */,
				A6D2863C23B0DAB500E7379B /* KoPubWorld Dotum_Pro Light.otf */,
				A6D2863B23B0DAB500E7379B /* KoPubWorld Dotum_Pro Medium.otf */,
				A6D2862223B0D2CD00E7379B /* KoPubWorld Batang_Pro Medium.otf */,
				A6D2862A23B0D2CD00E7379B /* KoPubWorld Dotum_Pro Bold.otf */,
				A6D2861F23B0D2CD00E7379B /* SCDream1.otf */,
				A6D2862123B0D2CD00E7379B /* SCDream2.otf */,
				A6D2862923B0D2CD00E7379B /* SCDream3.otf */,
				A6D2862323B0D2CD00E7379B /* SCDream4.otf */,
				A6D2862523B0D2CD00E7379B /* SCDream5.otf */,
				A6D2862623B0D2CD00E7379B /* SCDream6.otf */,
				A6D2862723B0D2CD00E7379B /* SCDream7.otf */,
				A6D2862B23B0D2CD00E7379B /* SCDream8.otf */,
				A6D2861E23B0D2CD00E7379B /* SCDream9.otf */,
			);
			path = Fonts;
			sourceTree = "<group>";
		};
/* End PBXGroup section */

/* Begin PBXNativeTarget section */
		A63C505E23B08BF40069BAFB /* Fluff_iOS */ = {
			isa = PBXNativeTarget;
			buildConfigurationList = A63C507323B08BF60069BAFB /* Build configuration list for PBXNativeTarget "Fluff_iOS" */;
			buildPhases = (
				955DA209D9999672A3D1F225 /* [CP] Check Pods Manifest.lock */,
				A63C505B23B08BF40069BAFB /* Sources */,
				A63C505C23B08BF40069BAFB /* Frameworks */,
				A63C505D23B08BF40069BAFB /* Resources */,
				41C51DEFE10037A19754FD8C /* [CP] Embed Pods Frameworks */,
			);
			buildRules = (
			);
			dependencies = (
			);
			name = Fluff_iOS;
			productName = Fluff_iOS;
			productReference = A63C505F23B08BF40069BAFB /* Fluff_iOS.app */;
			productType = "com.apple.product-type.application";
		};
/* End PBXNativeTarget section */

/* Begin PBXProject section */
		A63C505723B08BF40069BAFB /* Project object */ = {
			isa = PBXProject;
			attributes = {
				LastSwiftUpdateCheck = 1130;
				LastUpgradeCheck = 1130;
				ORGANIZATIONNAME = "TaeJin Oh";
				TargetAttributes = {
					A63C505E23B08BF40069BAFB = {
						CreatedOnToolsVersion = 11.3;
					};
				};
			};
			buildConfigurationList = A63C505A23B08BF40069BAFB /* Build configuration list for PBXProject "Fluff_iOS" */;
			compatibilityVersion = "Xcode 9.3";
			developmentRegion = en;
			hasScannedForEncodings = 0;
			knownRegions = (
				en,
				Base,
			);
			mainGroup = A63C505623B08BF40069BAFB;
			productRefGroup = A63C506023B08BF40069BAFB /* Products */;
			projectDirPath = "";
			projectRoot = "";
			targets = (
				A63C505E23B08BF40069BAFB /* Fluff_iOS */,
			);
		};
/* End PBXProject section */

/* Begin PBXResourcesBuildPhase section */
		A63C505D23B08BF40069BAFB /* Resources */ = {
			isa = PBXResourcesBuildPhase;
			buildActionMask = 2147483647;
			files = (
				A6D2863223B0D2CD00E7379B /* SCDream4.otf in Resources */,
				A6D2863123B0D2CD00E7379B /* KoPubWorld Batang_Pro Medium.otf in Resources */,
				A6D2862D23B0D2CD00E7379B /* SCDream9.otf in Resources */,
				A6D2863423B0D2CD00E7379B /* SCDream5.otf in Resources */,
				A6D2863723B0D2CD00E7379B /* KoPubWorld Batang_Pro Light.otf in Resources */,
				A6D2863823B0D2CD00E7379B /* SCDream3.otf in Resources */,
				A63C506F23B08BF60069BAFB /* LaunchScreen.storyboard in Resources */,
				A6D2863623B0D2CD00E7379B /* SCDream7.otf in Resources */,
				A6D2863323B0D2CD00E7379B /* KoPubWorld Batang_Pro Bold.otf in Resources */,
				A6D2863E23B0DAB500E7379B /* KoPubWorld Dotum_Pro Light.otf in Resources */,
				A6D2863D23B0DAB500E7379B /* KoPubWorld Dotum_Pro Medium.otf in Resources */,
				A6D2863523B0D2CD00E7379B /* SCDream6.otf in Resources */,
				A6D2863A23B0D2CD00E7379B /* SCDream8.otf in Resources */,
				A6D2863023B0D2CD00E7379B /* SCDream2.otf in Resources */,
				A6D2862E23B0D2CD00E7379B /* SCDream1.otf in Resources */,
				9D7937DC23B11ED500A0CD3E /* Taste.storyboard in Resources */,
				A63C506C23B08BF60069BAFB /* Assets.xcassets in Resources */,
				A63C506A23B08BF40069BAFB /* Main.storyboard in Resources */,
				A6D2863923B0D2CD00E7379B /* KoPubWorld Dotum_Pro Bold.otf in Resources */,
			);
			runOnlyForDeploymentPostprocessing = 0;
		};
/* End PBXResourcesBuildPhase section */

/* Begin PBXShellScriptBuildPhase section */
		41C51DEFE10037A19754FD8C /* [CP] Embed Pods Frameworks */ = {
			isa = PBXShellScriptBuildPhase;
			buildActionMask = 2147483647;
			files = (
			);
			inputFileListPaths = (
				"${PODS_ROOT}/Target Support Files/Pods-Fluff_iOS/Pods-Fluff_iOS-frameworks-${CONFIGURATION}-input-files.xcfilelist",
			);
			name = "[CP] Embed Pods Frameworks";
			outputFileListPaths = (
				"${PODS_ROOT}/Target Support Files/Pods-Fluff_iOS/Pods-Fluff_iOS-frameworks-${CONFIGURATION}-output-files.xcfilelist",
			);
			runOnlyForDeploymentPostprocessing = 0;
			shellPath = /bin/sh;
			shellScript = "\"${PODS_ROOT}/Target Support Files/Pods-Fluff_iOS/Pods-Fluff_iOS-frameworks.sh\"\n";
			showEnvVarsInLog = 0;
		};
		955DA209D9999672A3D1F225 /* [CP] Check Pods Manifest.lock */ = {
			isa = PBXShellScriptBuildPhase;
			buildActionMask = 2147483647;
			files = (
			);
			inputFileListPaths = (
			);
			inputPaths = (
				"${PODS_PODFILE_DIR_PATH}/Podfile.lock",
				"${PODS_ROOT}/Manifest.lock",
			);
			name = "[CP] Check Pods Manifest.lock";
			outputFileListPaths = (
			);
			outputPaths = (
				"$(DERIVED_FILE_DIR)/Pods-Fluff_iOS-checkManifestLockResult.txt",
			);
			runOnlyForDeploymentPostprocessing = 0;
			shellPath = /bin/sh;
			shellScript = "diff \"${PODS_PODFILE_DIR_PATH}/Podfile.lock\" \"${PODS_ROOT}/Manifest.lock\" > /dev/null\nif [ $? != 0 ] ; then\n    # print error to STDERR\n    echo \"error: The sandbox is not in sync with the Podfile.lock. Run 'pod install' or update your CocoaPods installation.\" >&2\n    exit 1\nfi\n# This output is used by Xcode 'outputs' to avoid re-running this script phase.\necho \"SUCCESS\" > \"${SCRIPT_OUTPUT_FILE_0}\"\n";
			showEnvVarsInLog = 0;
		};
/* End PBXShellScriptBuildPhase section */

/* Begin PBXSourcesBuildPhase section */
		A63C505B23B08BF40069BAFB /* Sources */ = {
			isa = PBXSourcesBuildPhase;
			buildActionMask = 2147483647;
			files = (

				9D7937E023B11F1D00A0CD3E /* TasteCollectionViewCell.swift in Sources */,
				9D7937DE23B11F1400A0CD3E /* TasteAnalysisVC.swift in Sources */,
				A64C4EFA23B0FDED0066FE7F /* UINavigationBar+Extensions.swift in Sources */,
				A64C4EFF23B0FDED0066FE7F /* UIButton+Extensions.swift in Sources */,
				A64C4F0123B0FDED0066FE7F /* NSNotificationName+Extensions.swift in Sources */,
				A64C4EFE23B0FDED0066FE7F /* UITabBar+Extensions.swift in Sources */,
				A63C506723B08BF40069BAFB /* LaunchVC.swift in Sources */,
				A64C4EFD23B0FDED0066FE7F /* UIViewController+Extensions.swift in Sources */,
				A64C4F0023B0FDED0066FE7F /* UIView+Extensions.swift in Sources */,
				9D79377C23B0C0AF00A0CD3E /* APIConstants.swift in Sources */,
				A64C4EFC23B0FDED0066FE7F /* UIImageView+Extensions.swift in Sources */,
				A64C4EFB23B0FDED0066FE7F /* UIColor+Extensions.swift in Sources */,
				A63C506323B08BF40069BAFB /* AppDelegate.swift in Sources */,
				9D79377E23B0C0D400A0CD3E /* NetworkResult.swift in Sources */,
				A63C507D23B0A34D0069BAFB /* LoginVC.swift in Sources */,

				A63C506523B08BF40069BAFB /* SceneDelegate.swift in Sources */,
			);
			runOnlyForDeploymentPostprocessing = 0;
		};
/* End PBXSourcesBuildPhase section */

/* Begin PBXVariantGroup section */
		A63C506823B08BF40069BAFB /* Main.storyboard */ = {
			isa = PBXVariantGroup;
			children = (
				A63C506923B08BF40069BAFB /* Base */,
			);
			name = Main.storyboard;
			sourceTree = "<group>";
		};
		A63C506D23B08BF60069BAFB /* LaunchScreen.storyboard */ = {
			isa = PBXVariantGroup;
			children = (
				A63C506E23B08BF60069BAFB /* Base */,
			);
			name = LaunchScreen.storyboard;
			sourceTree = "<group>";
		};
/* End PBXVariantGroup section */

/* Begin XCBuildConfiguration section */
		A63C507123B08BF60069BAFB /* Debug */ = {
			isa = XCBuildConfiguration;
			buildSettings = {
				ALWAYS_SEARCH_USER_PATHS = NO;
				CLANG_ANALYZER_NONNULL = YES;
				CLANG_ANALYZER_NUMBER_OBJECT_CONVERSION = YES_AGGRESSIVE;
				CLANG_CXX_LANGUAGE_STANDARD = "gnu++14";
				CLANG_CXX_LIBRARY = "libc++";
				CLANG_ENABLE_MODULES = YES;
				CLANG_ENABLE_OBJC_ARC = YES;
				CLANG_ENABLE_OBJC_WEAK = YES;
				CLANG_WARN_BLOCK_CAPTURE_AUTORELEASING = YES;
				CLANG_WARN_BOOL_CONVERSION = YES;
				CLANG_WARN_COMMA = YES;
				CLANG_WARN_CONSTANT_CONVERSION = YES;
				CLANG_WARN_DEPRECATED_OBJC_IMPLEMENTATIONS = YES;
				CLANG_WARN_DIRECT_OBJC_ISA_USAGE = YES_ERROR;
				CLANG_WARN_DOCUMENTATION_COMMENTS = YES;
				CLANG_WARN_EMPTY_BODY = YES;
				CLANG_WARN_ENUM_CONVERSION = YES;
				CLANG_WARN_INFINITE_RECURSION = YES;
				CLANG_WARN_INT_CONVERSION = YES;
				CLANG_WARN_NON_LITERAL_NULL_CONVERSION = YES;
				CLANG_WARN_OBJC_IMPLICIT_RETAIN_SELF = YES;
				CLANG_WARN_OBJC_LITERAL_CONVERSION = YES;
				CLANG_WARN_OBJC_ROOT_CLASS = YES_ERROR;
				CLANG_WARN_RANGE_LOOP_ANALYSIS = YES;
				CLANG_WARN_STRICT_PROTOTYPES = YES;
				CLANG_WARN_SUSPICIOUS_MOVE = YES;
				CLANG_WARN_UNGUARDED_AVAILABILITY = YES_AGGRESSIVE;
				CLANG_WARN_UNREACHABLE_CODE = YES;
				CLANG_WARN__DUPLICATE_METHOD_MATCH = YES;
				COPY_PHASE_STRIP = NO;
				DEBUG_INFORMATION_FORMAT = dwarf;
				ENABLE_STRICT_OBJC_MSGSEND = YES;
				ENABLE_TESTABILITY = YES;
				GCC_C_LANGUAGE_STANDARD = gnu11;
				GCC_DYNAMIC_NO_PIC = NO;
				GCC_NO_COMMON_BLOCKS = YES;
				GCC_OPTIMIZATION_LEVEL = 0;
				GCC_PREPROCESSOR_DEFINITIONS = (
					"DEBUG=1",
					"$(inherited)",
				);
				GCC_WARN_64_TO_32_BIT_CONVERSION = YES;
				GCC_WARN_ABOUT_RETURN_TYPE = YES_ERROR;
				GCC_WARN_UNDECLARED_SELECTOR = YES;
				GCC_WARN_UNINITIALIZED_AUTOS = YES_AGGRESSIVE;
				GCC_WARN_UNUSED_FUNCTION = YES;
				GCC_WARN_UNUSED_VARIABLE = YES;
				IPHONEOS_DEPLOYMENT_TARGET = 13.2;
				MTL_ENABLE_DEBUG_INFO = INCLUDE_SOURCE;
				MTL_FAST_MATH = YES;
				ONLY_ACTIVE_ARCH = YES;
				SDKROOT = iphoneos;
				SWIFT_ACTIVE_COMPILATION_CONDITIONS = DEBUG;
				SWIFT_OPTIMIZATION_LEVEL = "-Onone";
			};
			name = Debug;
		};
		A63C507223B08BF60069BAFB /* Release */ = {
			isa = XCBuildConfiguration;
			buildSettings = {
				ALWAYS_SEARCH_USER_PATHS = NO;
				CLANG_ANALYZER_NONNULL = YES;
				CLANG_ANALYZER_NUMBER_OBJECT_CONVERSION = YES_AGGRESSIVE;
				CLANG_CXX_LANGUAGE_STANDARD = "gnu++14";
				CLANG_CXX_LIBRARY = "libc++";
				CLANG_ENABLE_MODULES = YES;
				CLANG_ENABLE_OBJC_ARC = YES;
				CLANG_ENABLE_OBJC_WEAK = YES;
				CLANG_WARN_BLOCK_CAPTURE_AUTORELEASING = YES;
				CLANG_WARN_BOOL_CONVERSION = YES;
				CLANG_WARN_COMMA = YES;
				CLANG_WARN_CONSTANT_CONVERSION = YES;
				CLANG_WARN_DEPRECATED_OBJC_IMPLEMENTATIONS = YES;
				CLANG_WARN_DIRECT_OBJC_ISA_USAGE = YES_ERROR;
				CLANG_WARN_DOCUMENTATION_COMMENTS = YES;
				CLANG_WARN_EMPTY_BODY = YES;
				CLANG_WARN_ENUM_CONVERSION = YES;
				CLANG_WARN_INFINITE_RECURSION = YES;
				CLANG_WARN_INT_CONVERSION = YES;
				CLANG_WARN_NON_LITERAL_NULL_CONVERSION = YES;
				CLANG_WARN_OBJC_IMPLICIT_RETAIN_SELF = YES;
				CLANG_WARN_OBJC_LITERAL_CONVERSION = YES;
				CLANG_WARN_OBJC_ROOT_CLASS = YES_ERROR;
				CLANG_WARN_RANGE_LOOP_ANALYSIS = YES;
				CLANG_WARN_STRICT_PROTOTYPES = YES;
				CLANG_WARN_SUSPICIOUS_MOVE = YES;
				CLANG_WARN_UNGUARDED_AVAILABILITY = YES_AGGRESSIVE;
				CLANG_WARN_UNREACHABLE_CODE = YES;
				CLANG_WARN__DUPLICATE_METHOD_MATCH = YES;
				COPY_PHASE_STRIP = NO;
				DEBUG_INFORMATION_FORMAT = "dwarf-with-dsym";
				ENABLE_NS_ASSERTIONS = NO;
				ENABLE_STRICT_OBJC_MSGSEND = YES;
				GCC_C_LANGUAGE_STANDARD = gnu11;
				GCC_NO_COMMON_BLOCKS = YES;
				GCC_WARN_64_TO_32_BIT_CONVERSION = YES;
				GCC_WARN_ABOUT_RETURN_TYPE = YES_ERROR;
				GCC_WARN_UNDECLARED_SELECTOR = YES;
				GCC_WARN_UNINITIALIZED_AUTOS = YES_AGGRESSIVE;
				GCC_WARN_UNUSED_FUNCTION = YES;
				GCC_WARN_UNUSED_VARIABLE = YES;
				IPHONEOS_DEPLOYMENT_TARGET = 13.2;
				MTL_ENABLE_DEBUG_INFO = NO;
				MTL_FAST_MATH = YES;
				SDKROOT = iphoneos;
				SWIFT_COMPILATION_MODE = wholemodule;
				SWIFT_OPTIMIZATION_LEVEL = "-O";
				VALIDATE_PRODUCT = YES;
			};
			name = Release;
		};
		A63C507423B08BF60069BAFB /* Debug */ = {
			isa = XCBuildConfiguration;
			baseConfigurationReference = 5EE6AEDF89FB3A9A89FFCD46 /* Pods-Fluff_iOS.debug.xcconfig */;
			buildSettings = {
				ASSETCATALOG_COMPILER_APPICON_NAME = AppIcon;
				CODE_SIGN_STYLE = Automatic;
				INFOPLIST_FILE = Fluff_iOS/Info.plist;
				LD_RUNPATH_SEARCH_PATHS = (
					"$(inherited)",
					"@executable_path/Frameworks",
				);
				PRODUCT_BUNDLE_IDENTIFIER = "Fluff-Project.Fluff-iOS";
				PRODUCT_NAME = "$(TARGET_NAME)";
				SWIFT_VERSION = 5.0;
				TARGETED_DEVICE_FAMILY = "1,2";
			};
			name = Debug;
		};
		A63C507523B08BF60069BAFB /* Release */ = {
			isa = XCBuildConfiguration;
			baseConfigurationReference = 10DBC2AAADF3EADBBB9EF552 /* Pods-Fluff_iOS.release.xcconfig */;
			buildSettings = {
				ASSETCATALOG_COMPILER_APPICON_NAME = AppIcon;
				CODE_SIGN_STYLE = Automatic;
				INFOPLIST_FILE = Fluff_iOS/Info.plist;
				LD_RUNPATH_SEARCH_PATHS = (
					"$(inherited)",
					"@executable_path/Frameworks",
				);
				PRODUCT_BUNDLE_IDENTIFIER = "Fluff-Project.Fluff-iOS";
				PRODUCT_NAME = "$(TARGET_NAME)";
				SWIFT_VERSION = 5.0;
				TARGETED_DEVICE_FAMILY = "1,2";
			};
			name = Release;
		};
/* End XCBuildConfiguration section */

/* Begin XCConfigurationList section */
		A63C505A23B08BF40069BAFB /* Build configuration list for PBXProject "Fluff_iOS" */ = {
			isa = XCConfigurationList;
			buildConfigurations = (
				A63C507123B08BF60069BAFB /* Debug */,
				A63C507223B08BF60069BAFB /* Release */,
			);
			defaultConfigurationIsVisible = 0;
			defaultConfigurationName = Release;
		};
		A63C507323B08BF60069BAFB /* Build configuration list for PBXNativeTarget "Fluff_iOS" */ = {
			isa = XCConfigurationList;
			buildConfigurations = (
				A63C507423B08BF60069BAFB /* Debug */,
				A63C507523B08BF60069BAFB /* Release */,
			);
			defaultConfigurationIsVisible = 0;
			defaultConfigurationName = Release;
		};
/* End XCConfigurationList section */
	};
	rootObject = A63C505723B08BF40069BAFB /* Project object */;
}
